// !$*UTF8*$!
{
	archiveVersion = 1;
	classes = {
	};
	objectVersion = 46;
	objects = {

/* Begin PBXBuildFile section */
		200732F31A83111900E9D0C0 /* AccountCollectionViewCell.m in Sources */ = {isa = PBXBuildFile; fileRef = 200732F11A83111900E9D0C0 /* AccountCollectionViewCell.m */; };
		200732F41A83111900E9D0C0 /* AccountCollectionViewCell.xib in Resources */ = {isa = PBXBuildFile; fileRef = 200732F21A83111900E9D0C0 /* AccountCollectionViewCell.xib */; };
		206FDCEC1A7F519E00D09416 /* MJRefresh.bundle in Resources */ = {isa = PBXBuildFile; fileRef = 206FDCDC1A7F519E00D09416 /* MJRefresh.bundle */; };
		206FDCED1A7F519E00D09416 /* MJRefreshBaseView.m in Sources */ = {isa = PBXBuildFile; fileRef = 206FDCDF1A7F519E00D09416 /* MJRefreshBaseView.m */; };
		206FDCEE1A7F519E00D09416 /* MJRefreshConst.m in Sources */ = {isa = PBXBuildFile; fileRef = 206FDCE11A7F519E00D09416 /* MJRefreshConst.m */; };
		206FDCEF1A7F519E00D09416 /* MJRefreshFooterView.m in Sources */ = {isa = PBXBuildFile; fileRef = 206FDCE31A7F519E00D09416 /* MJRefreshFooterView.m */; };
		206FDCF01A7F519E00D09416 /* MJRefreshHeaderView.m in Sources */ = {isa = PBXBuildFile; fileRef = 206FDCE51A7F519E00D09416 /* MJRefreshHeaderView.m */; };
		206FDCF11A7F519E00D09416 /* UIScrollView+Extension.m in Sources */ = {isa = PBXBuildFile; fileRef = 206FDCE71A7F519E00D09416 /* UIScrollView+Extension.m */; };
		206FDCF21A7F519E00D09416 /* UIScrollView+MJRefresh.m in Sources */ = {isa = PBXBuildFile; fileRef = 206FDCE91A7F519E00D09416 /* UIScrollView+MJRefresh.m */; };
		206FDCF31A7F519E00D09416 /* UIView+Extension.m in Sources */ = {isa = PBXBuildFile; fileRef = 206FDCEB1A7F519E00D09416 /* UIView+Extension.m */; };
		206FDCF91A7F547A00D09416 /* Launch Screen.xib in Resources */ = {isa = PBXBuildFile; fileRef = 206FDCF81A7F547A00D09416 /* Launch Screen.xib */; };
		20B0D7D71A7F4A3F00462D6F /* Foundation.framework in Frameworks */ = {isa = PBXBuildFile; fileRef = 20B0D7D61A7F4A3F00462D6F /* Foundation.framework */; };
		20B0D7D91A7F4A3F00462D6F /* CoreGraphics.framework in Frameworks */ = {isa = PBXBuildFile; fileRef = 20B0D7D81A7F4A3F00462D6F /* CoreGraphics.framework */; };
		20B0D7DB1A7F4A3F00462D6F /* UIKit.framework in Frameworks */ = {isa = PBXBuildFile; fileRef = 20B0D7DA1A7F4A3F00462D6F /* UIKit.framework */; };
		20B0D7E11A7F4A3F00462D6F /* InfoPlist.strings in Resources */ = {isa = PBXBuildFile; fileRef = 20B0D7DF1A7F4A3F00462D6F /* InfoPlist.strings */; };
		20B0D7E31A7F4A3F00462D6F /* main.m in Sources */ = {isa = PBXBuildFile; fileRef = 20B0D7E21A7F4A3F00462D6F /* main.m */; };
		20B0D7E71A7F4A3F00462D6F /* AppDelegate.m in Sources */ = {isa = PBXBuildFile; fileRef = 20B0D7E61A7F4A3F00462D6F /* AppDelegate.m */; };
		20B0D7E91A7F4A3F00462D6F /* Images.xcassets in Resources */ = {isa = PBXBuildFile; fileRef = 20B0D7E81A7F4A3F00462D6F /* Images.xcassets */; };
		20B0D7F01A7F4A3F00462D6F /* XCTest.framework in Frameworks */ = {isa = PBXBuildFile; fileRef = 20B0D7EF1A7F4A3F00462D6F /* XCTest.framework */; };
		20B0D7F11A7F4A3F00462D6F /* Foundation.framework in Frameworks */ = {isa = PBXBuildFile; fileRef = 20B0D7D61A7F4A3F00462D6F /* Foundation.framework */; };
		20B0D7F21A7F4A3F00462D6F /* UIKit.framework in Frameworks */ = {isa = PBXBuildFile; fileRef = 20B0D7DA1A7F4A3F00462D6F /* UIKit.framework */; };
		20B0D7FA1A7F4A3F00462D6F /* InfoPlist.strings in Resources */ = {isa = PBXBuildFile; fileRef = 20B0D7F81A7F4A3F00462D6F /* InfoPlist.strings */; };
		20B0D7FC1A7F4A3F00462D6F /* QHMobileTests.m in Sources */ = {isa = PBXBuildFile; fileRef = 20B0D7FB1A7F4A3F00462D6F /* QHMobileTests.m */; };
		20B0D8671A7F4A6A00462D6F /* AdImageView.m in Sources */ = {isa = PBXBuildFile; fileRef = 20B0D8071A7F4A6A00462D6F /* AdImageView.m */; };
		20B0D8681A7F4A6A00462D6F /* CommonUI.m in Sources */ = {isa = PBXBuildFile; fileRef = 20B0D8091A7F4A6A00462D6F /* CommonUI.m */; };
		20B0D8691A7F4A6A00462D6F /* NoNetView.m in Sources */ = {isa = PBXBuildFile; fileRef = 20B0D80B1A7F4A6A00462D6F /* NoNetView.m */; };
		20B0D86A1A7F4A6A00462D6F /* NSError+ErrorState.m in Sources */ = {isa = PBXBuildFile; fileRef = 20B0D80F1A7F4A6A00462D6F /* NSError+ErrorState.m */; };
		20B0D86B1A7F4A6A00462D6F /* NSObject+ClassName.m in Sources */ = {isa = PBXBuildFile; fileRef = 20B0D8111A7F4A6A00462D6F /* NSObject+ClassName.m */; };
		20B0D86C1A7F4A6A00462D6F /* UIImage+Additions.m in Sources */ = {isa = PBXBuildFile; fileRef = 20B0D8141A7F4A6A00462D6F /* UIImage+Additions.m */; };
		20B0D86D1A7F4A6A00462D6F /* UITabBarController+HideTabBar.m in Sources */ = {isa = PBXBuildFile; fileRef = 20B0D8161A7F4A6A00462D6F /* UITabBarController+HideTabBar.m */; };
		20B0D86E1A7F4A6A00462D6F /* UIView+Autolayout.m in Sources */ = {isa = PBXBuildFile; fileRef = 20B0D8181A7F4A6A00462D6F /* UIView+Autolayout.m */; };
		20B0D86F1A7F4A6A00462D6F /* UIView+Helpers.m in Sources */ = {isa = PBXBuildFile; fileRef = 20B0D81A1A7F4A6A00462D6F /* UIView+Helpers.m */; };
		20B0D8701A7F4A6A00462D6F /* UIViewAdditions.m in Sources */ = {isa = PBXBuildFile; fileRef = 20B0D81C1A7F4A6A00462D6F /* UIViewAdditions.m */; };
		20B0D8711A7F4A6A00462D6F /* UncaughtExceptionHandler.m in Sources */ = {isa = PBXBuildFile; fileRef = 20B0D8211A7F4A6A00462D6F /* UncaughtExceptionHandler.m */; settings = {COMPILER_FLAGS = "-fno-objc-arc"; }; };
		20B0D8721A7F4A6A00462D6F /* HttpCallBack.m in Sources */ = {isa = PBXBuildFile; fileRef = 20B0D8251A7F4A6A00462D6F /* HttpCallBack.m */; settings = {COMPILER_FLAGS = "-fno-objc-arc"; }; };
		20B0D8731A7F4A6A00462D6F /* BaseCore.m in Sources */ = {isa = PBXBuildFile; fileRef = 20B0D8281A7F4A6A00462D6F /* BaseCore.m */; };
		20B0D8741A7F4A6A00462D6F /* InteralCache.m in Sources */ = {isa = PBXBuildFile; fileRef = 20B0D82C1A7F4A6A00462D6F /* InteralCache.m */; };
		20B0D8751A7F4A6A00462D6F /* DataManager.m in Sources */ = {isa = PBXBuildFile; fileRef = 20B0D82F1A7F4A6A00462D6F /* DataManager.m */; };
		20B0D8761A7F4A6A00462D6F /* TestManager.m in Sources */ = {isa = PBXBuildFile; fileRef = 20B0D8311A7F4A6A00462D6F /* TestManager.m */; };
		20B0D8771A7F4A6A00462D6F /* UserManager.m in Sources */ = {isa = PBXBuildFile; fileRef = 20B0D8331A7F4A6A00462D6F /* UserManager.m */; };
		20B0D8781A7F4A6A00462D6F /* BaseModel.m in Sources */ = {isa = PBXBuildFile; fileRef = 20B0D8361A7F4A6A00462D6F /* BaseModel.m */; };
		20B0D8791A7F4A6A00462D6F /* BrandModel.m in Sources */ = {isa = PBXBuildFile; fileRef = 20B0D8381A7F4A6A00462D6F /* BrandModel.m */; };
		20B0D87A1A7F4A6A00462D6F /* EasyAccessTokenRequest.m in Sources */ = {isa = PBXBuildFile; fileRef = 20B0D83B1A7F4A6A00462D6F /* EasyAccessTokenRequest.m */; };
		20B0D87B1A7F4A6A00462D6F /* QHMBaseRequest.m in Sources */ = {isa = PBXBuildFile; fileRef = 20B0D83D1A7F4A6A00462D6F /* QHMBaseRequest.m */; settings = {COMPILER_FLAGS = "-fno-objc-arc"; }; };
		20B0D87C1A7F4A6A00462D6F /* BaseViewController.m in Sources */ = {isa = PBXBuildFile; fileRef = 20B0D8411A7F4A6A00462D6F /* BaseViewController.m */; };
		20B0D87D1A7F4A6A00462D6F /* NavBaseViewController.m in Sources */ = {isa = PBXBuildFile; fileRef = 20B0D8431A7F4A6A00462D6F /* NavBaseViewController.m */; };
		20B0D87E1A7F4A6A00462D6F /* Test2ViewController.m in Sources */ = {isa = PBXBuildFile; fileRef = 20B0D8451A7F4A6A00462D6F /* Test2ViewController.m */; };
		20B0D87F1A7F4A6A00462D6F /* Test2ViewController.xib in Resources */ = {isa = PBXBuildFile; fileRef = 20B0D8461A7F4A6A00462D6F /* Test2ViewController.xib */; };
		20B0D8801A7F4A6A00462D6F /* TestViewController.m in Sources */ = {isa = PBXBuildFile; fileRef = 20B0D8481A7F4A6A00462D6F /* TestViewController.m */; };
		20B0D8811A7F4A6A00462D6F /* TestViewController.xib in Resources */ = {isa = PBXBuildFile; fileRef = 20B0D8491A7F4A6A00462D6F /* TestViewController.xib */; };
		20B0D8841A7F4A6A00462D6F /* QHMainViewController.m in Sources */ = {isa = PBXBuildFile; fileRef = 20B0D8501A7F4A6A00462D6F /* QHMainViewController.m */; };
		20B0D88D1A7F4A6A00462D6F /* BaseView.m in Sources */ = {isa = PBXBuildFile; fileRef = 20B0D8611A7F4A6A00462D6F /* BaseView.m */; };
		20B0D88E1A7F4A6A00462D6F /* TestTableViewCell.m in Sources */ = {isa = PBXBuildFile; fileRef = 20B0D8631A7F4A6A00462D6F /* TestTableViewCell.m */; };
		20B0D88F1A7F4A6A00462D6F /* TestTableViewCell.xib in Resources */ = {isa = PBXBuildFile; fileRef = 20B0D8641A7F4A6A00462D6F /* TestTableViewCell.xib */; };
		20B0D8901A7F4A6A00462D6F /* TestView2.m in Sources */ = {isa = PBXBuildFile; fileRef = 20B0D8661A7F4A6A00462D6F /* TestView2.m */; };
		20CCF72A1A81CC3200139EB3 /* main.m in Sources */ = {isa = PBXBuildFile; fileRef = 20CCF7291A81CC3200139EB3 /* main.m */; };
		20CCF72D1A81CC3200139EB3 /* AppDelegate.m in Sources */ = {isa = PBXBuildFile; fileRef = 20CCF72C1A81CC3200139EB3 /* AppDelegate.m */; };
		20CCF7301A81CC3200139EB3 /* ViewController.m in Sources */ = {isa = PBXBuildFile; fileRef = 20CCF72F1A81CC3200139EB3 /* ViewController.m */; };
		20CCF7331A81CC3200139EB3 /* Main.storyboard in Resources */ = {isa = PBXBuildFile; fileRef = 20CCF7311A81CC3200139EB3 /* Main.storyboard */; };
		20CCF7351A81CC3200139EB3 /* Images.xcassets in Resources */ = {isa = PBXBuildFile; fileRef = 20CCF7341A81CC3200139EB3 /* Images.xcassets */; };
		20CCF7381A81CC3200139EB3 /* LaunchScreen.xib in Resources */ = {isa = PBXBuildFile; fileRef = 20CCF7361A81CC3200139EB3 /* LaunchScreen.xib */; };
		20CCF7441A81CC3200139EB3 /* CollectionDemoTests.m in Sources */ = {isa = PBXBuildFile; fileRef = 20CCF7431A81CC3200139EB3 /* CollectionDemoTests.m */; };
		20CCF7801A81D5A500139EB3 /* CollectionCell.m in Sources */ = {isa = PBXBuildFile; fileRef = 20CCF77E1A81D5A500139EB3 /* CollectionCell.m */; };
		20CCF7811A81D5A500139EB3 /* CollectionCell.xib in Resources */ = {isa = PBXBuildFile; fileRef = 20CCF77F1A81D5A500139EB3 /* CollectionCell.xib */; };
		20DB09A01A83A68900A7999C /* QHRegisterViewController.m in Sources */ = {isa = PBXBuildFile; fileRef = 20DB099E1A83A68900A7999C /* QHRegisterViewController.m */; };
		20DB09A11A83A68900A7999C /* QHRegisterViewController.xib in Resources */ = {isa = PBXBuildFile; fileRef = 20DB099F1A83A68900A7999C /* QHRegisterViewController.xib */; };
		20DB09A51A83B63700A7999C /* SimCardInsertViewController.m in Sources */ = {isa = PBXBuildFile; fileRef = 20DB09A31A83B63700A7999C /* SimCardInsertViewController.m */; };
		20DB09A61A83B63700A7999C /* SimCardInsertViewController.xib in Resources */ = {isa = PBXBuildFile; fileRef = 20DB09A41A83B63700A7999C /* SimCardInsertViewController.xib */; };
		20E95D621A825F530048CBDC /* AccountViewController.m in Sources */ = {isa = PBXBuildFile; fileRef = 20E95D601A825F530048CBDC /* AccountViewController.m */; };
		20E95D631A825F530048CBDC /* AccountViewController.xib in Resources */ = {isa = PBXBuildFile; fileRef = 20E95D611A825F530048CBDC /* AccountViewController.xib */; };
		20E95D681A825F650048CBDC /* PersonalViewController.m in Sources */ = {isa = PBXBuildFile; fileRef = 20E95D661A825F650048CBDC /* PersonalViewController.m */; };
		20E95D691A825F650048CBDC /* PersonalViewController.xib in Resources */ = {isa = PBXBuildFile; fileRef = 20E95D671A825F650048CBDC /* PersonalViewController.xib */; };
		20E95D6D1A826B900048CBDC /* PersonDetailViewController.m in Sources */ = {isa = PBXBuildFile; fileRef = 20E95D6B1A826B900048CBDC /* PersonDetailViewController.m */; };
		20E95D6E1A826B900048CBDC /* PersonDetailViewController.xib in Resources */ = {isa = PBXBuildFile; fileRef = 20E95D6C1A826B900048CBDC /* PersonDetailViewController.xib */; };
		20E95D721A826E3A0048CBDC /* MoreViewController.m in Sources */ = {isa = PBXBuildFile; fileRef = 20E95D701A826E3A0048CBDC /* MoreViewController.m */; };
		20E95D731A826E3A0048CBDC /* MoreViewController.xib in Resources */ = {isa = PBXBuildFile; fileRef = 20E95D711A826E3A0048CBDC /* MoreViewController.xib */; };
		20E95D771A8272D50048CBDC /* RestRecordViewController.m in Sources */ = {isa = PBXBuildFile; fileRef = 20E95D751A8272D50048CBDC /* RestRecordViewController.m */; };
		20E95D781A8272D50048CBDC /* RestRecordViewController.xib in Resources */ = {isa = PBXBuildFile; fileRef = 20E95D761A8272D50048CBDC /* RestRecordViewController.xib */; };
		20E95D7D1A8273160048CBDC /* RestRecordViewCell.m in Sources */ = {isa = PBXBuildFile; fileRef = 20E95D7B1A8273160048CBDC /* RestRecordViewCell.m */; };
		20E95D7E1A8273160048CBDC /* RestRecordViewCell.xib in Resources */ = {isa = PBXBuildFile; fileRef = 20E95D7C1A8273160048CBDC /* RestRecordViewCell.xib */; };
		20EC140A1A810E8300E17D57 /* UIColor+Addition.m in Sources */ = {isa = PBXBuildFile; fileRef = 20EC14091A810E8300E17D57 /* UIColor+Addition.m */; };
		20EC14131A810FD700E17D57 /* QHMLoginViewController.m in Sources */ = {isa = PBXBuildFile; fileRef = 20EC14111A810FD700E17D57 /* QHMLoginViewController.m */; };
		20EC14141A810FD700E17D57 /* QHMLoginViewController.xib in Resources */ = {isa = PBXBuildFile; fileRef = 20EC14121A810FD700E17D57 /* QHMLoginViewController.xib */; };
		20EC14251A812E6900E17D57 /* CheckWorkAttention.m in Sources */ = {isa = PBXBuildFile; fileRef = 20EC14231A812E6900E17D57 /* CheckWorkAttention.m */; };
		20EC14261A812E6900E17D57 /* CheckWorkAttention.xib in Resources */ = {isa = PBXBuildFile; fileRef = 20EC14241A812E6900E17D57 /* CheckWorkAttention.xib */; };
		20EC142B1A812FF800E17D57 /* FirstPageViewController.m in Sources */ = {isa = PBXBuildFile; fileRef = 20EC14291A812FF800E17D57 /* FirstPageViewController.m */; };
		20EC142C1A812FF800E17D57 /* FirstPageViewController.xib in Resources */ = {isa = PBXBuildFile; fileRef = 20EC142A1A812FF800E17D57 /* FirstPageViewController.xib */; };
		432A62480640B930D85E97FF /* libPods.a in Frameworks */ = {isa = PBXBuildFile; fileRef = 0C36577A092436D1BD5F6EC2 /* libPods.a */; };
/* End PBXBuildFile section */

/* Begin PBXContainerItemProxy section */
		20B0D7F31A7F4A3F00462D6F /* PBXContainerItemProxy */ = {
			isa = PBXContainerItemProxy;
			containerPortal = 20B0D7CB1A7F4A3F00462D6F /* Project object */;
			proxyType = 1;
			remoteGlobalIDString = 20B0D7D21A7F4A3F00462D6F;
			remoteInfo = QHMobile;
		};
		20CCF73E1A81CC3200139EB3 /* PBXContainerItemProxy */ = {
			isa = PBXContainerItemProxy;
			containerPortal = 20B0D7CB1A7F4A3F00462D6F /* Project object */;
			proxyType = 1;
			remoteGlobalIDString = 20CCF7241A81CC3200139EB3;
			remoteInfo = CollectionDemo;
		};
/* End PBXContainerItemProxy section */

/* Begin PBXFileReference section */
		0C36577A092436D1BD5F6EC2 /* libPods.a */ = {isa = PBXFileReference; explicitFileType = archive.ar; includeInIndex = 0; path = libPods.a; sourceTree = BUILT_PRODUCTS_DIR; };
		200732F01A83111900E9D0C0 /* AccountCollectionViewCell.h */ = {isa = PBXFileReference; fileEncoding = 4; lastKnownFileType = sourcecode.c.h; path = AccountCollectionViewCell.h; sourceTree = "<group>"; };
		200732F11A83111900E9D0C0 /* AccountCollectionViewCell.m */ = {isa = PBXFileReference; fileEncoding = 4; lastKnownFileType = sourcecode.c.objc; path = AccountCollectionViewCell.m; sourceTree = "<group>"; };
		200732F21A83111900E9D0C0 /* AccountCollectionViewCell.xib */ = {isa = PBXFileReference; fileEncoding = 4; lastKnownFileType = file.xib; path = AccountCollectionViewCell.xib; sourceTree = "<group>"; };
		206FDCDC1A7F519E00D09416 /* MJRefresh.bundle */ = {isa = PBXFileReference; lastKnownFileType = "wrapper.plug-in"; path = MJRefresh.bundle; sourceTree = "<group>"; };
		206FDCDD1A7F519E00D09416 /* MJRefresh.h */ = {isa = PBXFileReference; fileEncoding = 4; lastKnownFileType = sourcecode.c.h; path = MJRefresh.h; sourceTree = "<group>"; };
		206FDCDE1A7F519E00D09416 /* MJRefreshBaseView.h */ = {isa = PBXFileReference; fileEncoding = 4; lastKnownFileType = sourcecode.c.h; path = MJRefreshBaseView.h; sourceTree = "<group>"; };
		206FDCDF1A7F519E00D09416 /* MJRefreshBaseView.m */ = {isa = PBXFileReference; fileEncoding = 4; lastKnownFileType = sourcecode.c.objc; path = MJRefreshBaseView.m; sourceTree = "<group>"; };
		206FDCE01A7F519E00D09416 /* MJRefreshConst.h */ = {isa = PBXFileReference; fileEncoding = 4; lastKnownFileType = sourcecode.c.h; path = MJRefreshConst.h; sourceTree = "<group>"; };
		206FDCE11A7F519E00D09416 /* MJRefreshConst.m */ = {isa = PBXFileReference; fileEncoding = 4; lastKnownFileType = sourcecode.c.objc; path = MJRefreshConst.m; sourceTree = "<group>"; };
		206FDCE21A7F519E00D09416 /* MJRefreshFooterView.h */ = {isa = PBXFileReference; fileEncoding = 4; lastKnownFileType = sourcecode.c.h; path = MJRefreshFooterView.h; sourceTree = "<group>"; };
		206FDCE31A7F519E00D09416 /* MJRefreshFooterView.m */ = {isa = PBXFileReference; fileEncoding = 4; lastKnownFileType = sourcecode.c.objc; path = MJRefreshFooterView.m; sourceTree = "<group>"; };
		206FDCE41A7F519E00D09416 /* MJRefreshHeaderView.h */ = {isa = PBXFileReference; fileEncoding = 4; lastKnownFileType = sourcecode.c.h; path = MJRefreshHeaderView.h; sourceTree = "<group>"; };
		206FDCE51A7F519E00D09416 /* MJRefreshHeaderView.m */ = {isa = PBXFileReference; fileEncoding = 4; lastKnownFileType = sourcecode.c.objc; path = MJRefreshHeaderView.m; sourceTree = "<group>"; };
		206FDCE61A7F519E00D09416 /* UIScrollView+Extension.h */ = {isa = PBXFileReference; fileEncoding = 4; lastKnownFileType = sourcecode.c.h; path = "UIScrollView+Extension.h"; sourceTree = "<group>"; };
		206FDCE71A7F519E00D09416 /* UIScrollView+Extension.m */ = {isa = PBXFileReference; fileEncoding = 4; lastKnownFileType = sourcecode.c.objc; path = "UIScrollView+Extension.m"; sourceTree = "<group>"; };
		206FDCE81A7F519E00D09416 /* UIScrollView+MJRefresh.h */ = {isa = PBXFileReference; fileEncoding = 4; lastKnownFileType = sourcecode.c.h; path = "UIScrollView+MJRefresh.h"; sourceTree = "<group>"; };
		206FDCE91A7F519E00D09416 /* UIScrollView+MJRefresh.m */ = {isa = PBXFileReference; fileEncoding = 4; lastKnownFileType = sourcecode.c.objc; path = "UIScrollView+MJRefresh.m"; sourceTree = "<group>"; };
		206FDCEA1A7F519E00D09416 /* UIView+Extension.h */ = {isa = PBXFileReference; fileEncoding = 4; lastKnownFileType = sourcecode.c.h; path = "UIView+Extension.h"; sourceTree = "<group>"; };
		206FDCEB1A7F519E00D09416 /* UIView+Extension.m */ = {isa = PBXFileReference; fileEncoding = 4; lastKnownFileType = sourcecode.c.objc; path = "UIView+Extension.m"; sourceTree = "<group>"; };
		206FDCF81A7F547A00D09416 /* Launch Screen.xib */ = {isa = PBXFileReference; fileEncoding = 4; lastKnownFileType = file.xib; path = "Launch Screen.xib"; sourceTree = "<group>"; };
		20B0D7D31A7F4A3F00462D6F /* QHMobile.app */ = {isa = PBXFileReference; explicitFileType = wrapper.application; includeInIndex = 0; path = QHMobile.app; sourceTree = BUILT_PRODUCTS_DIR; };
		20B0D7D61A7F4A3F00462D6F /* Foundation.framework */ = {isa = PBXFileReference; lastKnownFileType = wrapper.framework; name = Foundation.framework; path = System/Library/Frameworks/Foundation.framework; sourceTree = SDKROOT; };
		20B0D7D81A7F4A3F00462D6F /* CoreGraphics.framework */ = {isa = PBXFileReference; lastKnownFileType = wrapper.framework; name = CoreGraphics.framework; path = System/Library/Frameworks/CoreGraphics.framework; sourceTree = SDKROOT; };
		20B0D7DA1A7F4A3F00462D6F /* UIKit.framework */ = {isa = PBXFileReference; lastKnownFileType = wrapper.framework; name = UIKit.framework; path = System/Library/Frameworks/UIKit.framework; sourceTree = SDKROOT; };
		20B0D7DE1A7F4A3F00462D6F /* QHMobile-Info.plist */ = {isa = PBXFileReference; lastKnownFileType = text.plist.xml; path = "QHMobile-Info.plist"; sourceTree = "<group>"; };
		20B0D7E01A7F4A3F00462D6F /* en */ = {isa = PBXFileReference; lastKnownFileType = text.plist.strings; name = en; path = en.lproj/InfoPlist.strings; sourceTree = "<group>"; };
		20B0D7E21A7F4A3F00462D6F /* main.m */ = {isa = PBXFileReference; lastKnownFileType = sourcecode.c.objc; path = main.m; sourceTree = "<group>"; };
		20B0D7E41A7F4A3F00462D6F /* QHMobile-Prefix.pch */ = {isa = PBXFileReference; lastKnownFileType = sourcecode.c.h; path = "QHMobile-Prefix.pch"; sourceTree = "<group>"; };
		20B0D7E51A7F4A3F00462D6F /* AppDelegate.h */ = {isa = PBXFileReference; lastKnownFileType = sourcecode.c.h; path = AppDelegate.h; sourceTree = "<group>"; };
		20B0D7E61A7F4A3F00462D6F /* AppDelegate.m */ = {isa = PBXFileReference; lastKnownFileType = sourcecode.c.objc; path = AppDelegate.m; sourceTree = "<group>"; };
		20B0D7E81A7F4A3F00462D6F /* Images.xcassets */ = {isa = PBXFileReference; lastKnownFileType = folder.assetcatalog; path = Images.xcassets; sourceTree = "<group>"; };
		20B0D7EE1A7F4A3F00462D6F /* QHMobileTests.xctest */ = {isa = PBXFileReference; explicitFileType = wrapper.cfbundle; includeInIndex = 0; path = QHMobileTests.xctest; sourceTree = BUILT_PRODUCTS_DIR; };
		20B0D7EF1A7F4A3F00462D6F /* XCTest.framework */ = {isa = PBXFileReference; lastKnownFileType = wrapper.framework; name = XCTest.framework; path = Library/Frameworks/XCTest.framework; sourceTree = DEVELOPER_DIR; };
		20B0D7F71A7F4A3F00462D6F /* QHMobileTests-Info.plist */ = {isa = PBXFileReference; lastKnownFileType = text.plist.xml; path = "QHMobileTests-Info.plist"; sourceTree = "<group>"; };
		20B0D7F91A7F4A3F00462D6F /* en */ = {isa = PBXFileReference; lastKnownFileType = text.plist.strings; name = en; path = en.lproj/InfoPlist.strings; sourceTree = "<group>"; };
		20B0D7FB1A7F4A3F00462D6F /* QHMobileTests.m */ = {isa = PBXFileReference; lastKnownFileType = sourcecode.c.objc; path = QHMobileTests.m; sourceTree = "<group>"; };
		20B0D8061A7F4A6A00462D6F /* AdImageView.h */ = {isa = PBXFileReference; fileEncoding = 4; lastKnownFileType = sourcecode.c.h; path = AdImageView.h; sourceTree = "<group>"; };
		20B0D8071A7F4A6A00462D6F /* AdImageView.m */ = {isa = PBXFileReference; fileEncoding = 4; lastKnownFileType = sourcecode.c.objc; path = AdImageView.m; sourceTree = "<group>"; };
		20B0D8081A7F4A6A00462D6F /* CommonUI.h */ = {isa = PBXFileReference; fileEncoding = 4; lastKnownFileType = sourcecode.c.h; path = CommonUI.h; sourceTree = "<group>"; };
		20B0D8091A7F4A6A00462D6F /* CommonUI.m */ = {isa = PBXFileReference; fileEncoding = 4; lastKnownFileType = sourcecode.c.objc; path = CommonUI.m; sourceTree = "<group>"; };
		20B0D80A1A7F4A6A00462D6F /* NoNetView.h */ = {isa = PBXFileReference; fileEncoding = 4; lastKnownFileType = sourcecode.c.h; path = NoNetView.h; sourceTree = "<group>"; };
		20B0D80B1A7F4A6A00462D6F /* NoNetView.m */ = {isa = PBXFileReference; fileEncoding = 4; lastKnownFileType = sourcecode.c.objc; path = NoNetView.m; sourceTree = "<group>"; };
		20B0D80E1A7F4A6A00462D6F /* NSError+ErrorState.h */ = {isa = PBXFileReference; fileEncoding = 4; lastKnownFileType = sourcecode.c.h; path = "NSError+ErrorState.h"; sourceTree = "<group>"; };
		20B0D80F1A7F4A6A00462D6F /* NSError+ErrorState.m */ = {isa = PBXFileReference; fileEncoding = 4; lastKnownFileType = sourcecode.c.objc; path = "NSError+ErrorState.m"; sourceTree = "<group>"; };
		20B0D8101A7F4A6A00462D6F /* NSObject+ClassName.h */ = {isa = PBXFileReference; fileEncoding = 4; lastKnownFileType = sourcecode.c.h; path = "NSObject+ClassName.h"; sourceTree = "<group>"; };
		20B0D8111A7F4A6A00462D6F /* NSObject+ClassName.m */ = {isa = PBXFileReference; fileEncoding = 4; lastKnownFileType = sourcecode.c.objc; path = "NSObject+ClassName.m"; sourceTree = "<group>"; };
		20B0D8121A7F4A6A00462D6F /* QHMGlobal.h */ = {isa = PBXFileReference; fileEncoding = 4; lastKnownFileType = sourcecode.c.h; path = QHMGlobal.h; sourceTree = "<group>"; };
		20B0D8131A7F4A6A00462D6F /* UIImage+Additions.h */ = {isa = PBXFileReference; fileEncoding = 4; lastKnownFileType = sourcecode.c.h; path = "UIImage+Additions.h"; sourceTree = "<group>"; };
		20B0D8141A7F4A6A00462D6F /* UIImage+Additions.m */ = {isa = PBXFileReference; fileEncoding = 4; lastKnownFileType = sourcecode.c.objc; path = "UIImage+Additions.m"; sourceTree = "<group>"; };
		20B0D8151A7F4A6A00462D6F /* UITabBarController+HideTabBar.h */ = {isa = PBXFileReference; fileEncoding = 4; lastKnownFileType = sourcecode.c.h; path = "UITabBarController+HideTabBar.h"; sourceTree = "<group>"; };
		20B0D8161A7F4A6A00462D6F /* UITabBarController+HideTabBar.m */ = {isa = PBXFileReference; fileEncoding = 4; lastKnownFileType = sourcecode.c.objc; path = "UITabBarController+HideTabBar.m"; sourceTree = "<group>"; };
		20B0D8171A7F4A6A00462D6F /* UIView+Autolayout.h */ = {isa = PBXFileReference; fileEncoding = 4; lastKnownFileType = sourcecode.c.h; path = "UIView+Autolayout.h"; sourceTree = "<group>"; };
		20B0D8181A7F4A6A00462D6F /* UIView+Autolayout.m */ = {isa = PBXFileReference; fileEncoding = 4; lastKnownFileType = sourcecode.c.objc; path = "UIView+Autolayout.m"; sourceTree = "<group>"; };
		20B0D8191A7F4A6A00462D6F /* UIView+Helpers.h */ = {isa = PBXFileReference; fileEncoding = 4; lastKnownFileType = sourcecode.c.h; path = "UIView+Helpers.h"; sourceTree = "<group>"; };
		20B0D81A1A7F4A6A00462D6F /* UIView+Helpers.m */ = {isa = PBXFileReference; fileEncoding = 4; lastKnownFileType = sourcecode.c.objc; path = "UIView+Helpers.m"; sourceTree = "<group>"; };
		20B0D81B1A7F4A6A00462D6F /* UIViewAdditions.h */ = {isa = PBXFileReference; fileEncoding = 4; lastKnownFileType = sourcecode.c.h; path = UIViewAdditions.h; sourceTree = "<group>"; };
		20B0D81C1A7F4A6A00462D6F /* UIViewAdditions.m */ = {isa = PBXFileReference; fileEncoding = 4; lastKnownFileType = sourcecode.c.objc; path = UIViewAdditions.m; sourceTree = "<group>"; };
		20B0D8201A7F4A6A00462D6F /* UncaughtExceptionHandler.h */ = {isa = PBXFileReference; fileEncoding = 4; lastKnownFileType = sourcecode.c.h; path = UncaughtExceptionHandler.h; sourceTree = "<group>"; };
		20B0D8211A7F4A6A00462D6F /* UncaughtExceptionHandler.m */ = {isa = PBXFileReference; fileEncoding = 4; lastKnownFileType = sourcecode.c.objc; path = UncaughtExceptionHandler.m; sourceTree = "<group>"; };
		20B0D8241A7F4A6A00462D6F /* HttpCallBack.h */ = {isa = PBXFileReference; fileEncoding = 4; lastKnownFileType = sourcecode.c.h; path = HttpCallBack.h; sourceTree = "<group>"; };
		20B0D8251A7F4A6A00462D6F /* HttpCallBack.m */ = {isa = PBXFileReference; fileEncoding = 4; lastKnownFileType = sourcecode.c.objc; path = HttpCallBack.m; sourceTree = "<group>"; };
		20B0D8271A7F4A6A00462D6F /* BaseCore.h */ = {isa = PBXFileReference; fileEncoding = 4; lastKnownFileType = sourcecode.c.h; path = BaseCore.h; sourceTree = "<group>"; };
		20B0D8281A7F4A6A00462D6F /* BaseCore.m */ = {isa = PBXFileReference; fileEncoding = 4; lastKnownFileType = sourcecode.c.objc; path = BaseCore.m; sourceTree = "<group>"; };
		20B0D8291A7F4A6A00462D6F /* CommonData.h */ = {isa = PBXFileReference; fileEncoding = 4; lastKnownFileType = sourcecode.c.h; path = CommonData.h; sourceTree = "<group>"; };
		20B0D82B1A7F4A6A00462D6F /* InteralCache.h */ = {isa = PBXFileReference; fileEncoding = 4; lastKnownFileType = sourcecode.c.h; path = InteralCache.h; sourceTree = "<group>"; };
		20B0D82C1A7F4A6A00462D6F /* InteralCache.m */ = {isa = PBXFileReference; fileEncoding = 4; lastKnownFileType = sourcecode.c.objc; path = InteralCache.m; sourceTree = "<group>"; };
		20B0D82E1A7F4A6A00462D6F /* DataManager.h */ = {isa = PBXFileReference; fileEncoding = 4; lastKnownFileType = sourcecode.c.h; path = DataManager.h; sourceTree = "<group>"; };
		20B0D82F1A7F4A6A00462D6F /* DataManager.m */ = {isa = PBXFileReference; fileEncoding = 4; lastKnownFileType = sourcecode.c.objc; path = DataManager.m; sourceTree = "<group>"; };
		20B0D8301A7F4A6A00462D6F /* TestManager.h */ = {isa = PBXFileReference; fileEncoding = 4; lastKnownFileType = sourcecode.c.h; path = TestManager.h; sourceTree = "<group>"; };
		20B0D8311A7F4A6A00462D6F /* TestManager.m */ = {isa = PBXFileReference; fileEncoding = 4; lastKnownFileType = sourcecode.c.objc; path = TestManager.m; sourceTree = "<group>"; };
		20B0D8321A7F4A6A00462D6F /* UserManager.h */ = {isa = PBXFileReference; fileEncoding = 4; lastKnownFileType = sourcecode.c.h; path = UserManager.h; sourceTree = "<group>"; };
		20B0D8331A7F4A6A00462D6F /* UserManager.m */ = {isa = PBXFileReference; fileEncoding = 4; lastKnownFileType = sourcecode.c.objc; path = UserManager.m; sourceTree = "<group>"; };
		20B0D8351A7F4A6A00462D6F /* BaseModel.h */ = {isa = PBXFileReference; fileEncoding = 4; lastKnownFileType = sourcecode.c.h; path = BaseModel.h; sourceTree = "<group>"; };
		20B0D8361A7F4A6A00462D6F /* BaseModel.m */ = {isa = PBXFileReference; fileEncoding = 4; lastKnownFileType = sourcecode.c.objc; path = BaseModel.m; sourceTree = "<group>"; };
		20B0D8371A7F4A6A00462D6F /* BrandModel.h */ = {isa = PBXFileReference; fileEncoding = 4; lastKnownFileType = sourcecode.c.h; path = BrandModel.h; sourceTree = "<group>"; };
		20B0D8381A7F4A6A00462D6F /* BrandModel.m */ = {isa = PBXFileReference; fileEncoding = 4; lastKnownFileType = sourcecode.c.objc; path = BrandModel.m; sourceTree = "<group>"; };
		20B0D83A1A7F4A6A00462D6F /* EasyAccessTokenRequest.h */ = {isa = PBXFileReference; fileEncoding = 4; lastKnownFileType = sourcecode.c.h; path = EasyAccessTokenRequest.h; sourceTree = "<group>"; };
		20B0D83B1A7F4A6A00462D6F /* EasyAccessTokenRequest.m */ = {isa = PBXFileReference; fileEncoding = 4; lastKnownFileType = sourcecode.c.objc; path = EasyAccessTokenRequest.m; sourceTree = "<group>"; };
		20B0D83C1A7F4A6A00462D6F /* QHMBaseRequest.h */ = {isa = PBXFileReference; fileEncoding = 4; lastKnownFileType = sourcecode.c.h; path = QHMBaseRequest.h; sourceTree = "<group>"; };
		20B0D83D1A7F4A6A00462D6F /* QHMBaseRequest.m */ = {isa = PBXFileReference; fileEncoding = 4; lastKnownFileType = sourcecode.c.objc; path = QHMBaseRequest.m; sourceTree = "<group>"; };
		20B0D8401A7F4A6A00462D6F /* BaseViewController.h */ = {isa = PBXFileReference; fileEncoding = 4; lastKnownFileType = sourcecode.c.h; path = BaseViewController.h; sourceTree = "<group>"; };
		20B0D8411A7F4A6A00462D6F /* BaseViewController.m */ = {isa = PBXFileReference; fileEncoding = 4; lastKnownFileType = sourcecode.c.objc; path = BaseViewController.m; sourceTree = "<group>"; };
		20B0D8421A7F4A6A00462D6F /* NavBaseViewController.h */ = {isa = PBXFileReference; fileEncoding = 4; lastKnownFileType = sourcecode.c.h; path = NavBaseViewController.h; sourceTree = "<group>"; };
		20B0D8431A7F4A6A00462D6F /* NavBaseViewController.m */ = {isa = PBXFileReference; fileEncoding = 4; lastKnownFileType = sourcecode.c.objc; path = NavBaseViewController.m; sourceTree = "<group>"; };
		20B0D8441A7F4A6A00462D6F /* Test2ViewController.h */ = {isa = PBXFileReference; fileEncoding = 4; lastKnownFileType = sourcecode.c.h; path = Test2ViewController.h; sourceTree = "<group>"; };
		20B0D8451A7F4A6A00462D6F /* Test2ViewController.m */ = {isa = PBXFileReference; fileEncoding = 4; lastKnownFileType = sourcecode.c.objc; path = Test2ViewController.m; sourceTree = "<group>"; };
		20B0D8461A7F4A6A00462D6F /* Test2ViewController.xib */ = {isa = PBXFileReference; fileEncoding = 4; lastKnownFileType = file.xib; path = Test2ViewController.xib; sourceTree = "<group>"; };
		20B0D8471A7F4A6A00462D6F /* TestViewController.h */ = {isa = PBXFileReference; fileEncoding = 4; lastKnownFileType = sourcecode.c.h; path = TestViewController.h; sourceTree = "<group>"; };
		20B0D8481A7F4A6A00462D6F /* TestViewController.m */ = {isa = PBXFileReference; fileEncoding = 4; lastKnownFileType = sourcecode.c.objc; path = TestViewController.m; sourceTree = "<group>"; };
		20B0D8491A7F4A6A00462D6F /* TestViewController.xib */ = {isa = PBXFileReference; fileEncoding = 4; lastKnownFileType = file.xib; path = TestViewController.xib; sourceTree = "<group>"; };
		20B0D84F1A7F4A6A00462D6F /* QHMainViewController.h */ = {isa = PBXFileReference; fileEncoding = 4; lastKnownFileType = sourcecode.c.h; path = QHMainViewController.h; sourceTree = "<group>"; };
		20B0D8501A7F4A6A00462D6F /* QHMainViewController.m */ = {isa = PBXFileReference; fileEncoding = 4; lastKnownFileType = sourcecode.c.objc; path = QHMainViewController.m; sourceTree = "<group>"; };
		20B0D8601A7F4A6A00462D6F /* BaseView.h */ = {isa = PBXFileReference; fileEncoding = 4; lastKnownFileType = sourcecode.c.h; path = BaseView.h; sourceTree = "<group>"; };
		20B0D8611A7F4A6A00462D6F /* BaseView.m */ = {isa = PBXFileReference; fileEncoding = 4; lastKnownFileType = sourcecode.c.objc; path = BaseView.m; sourceTree = "<group>"; };
		20B0D8621A7F4A6A00462D6F /* TestTableViewCell.h */ = {isa = PBXFileReference; fileEncoding = 4; lastKnownFileType = sourcecode.c.h; path = TestTableViewCell.h; sourceTree = "<group>"; };
		20B0D8631A7F4A6A00462D6F /* TestTableViewCell.m */ = {isa = PBXFileReference; fileEncoding = 4; lastKnownFileType = sourcecode.c.objc; path = TestTableViewCell.m; sourceTree = "<group>"; };
		20B0D8641A7F4A6A00462D6F /* TestTableViewCell.xib */ = {isa = PBXFileReference; fileEncoding = 4; lastKnownFileType = file.xib; path = TestTableViewCell.xib; sourceTree = "<group>"; };
		20B0D8651A7F4A6A00462D6F /* TestView2.h */ = {isa = PBXFileReference; fileEncoding = 4; lastKnownFileType = sourcecode.c.h; path = TestView2.h; sourceTree = "<group>"; };
		20B0D8661A7F4A6A00462D6F /* TestView2.m */ = {isa = PBXFileReference; fileEncoding = 4; lastKnownFileType = sourcecode.c.objc; path = TestView2.m; sourceTree = "<group>"; };
		20CCF7251A81CC3200139EB3 /* CollectionDemo.app */ = {isa = PBXFileReference; explicitFileType = wrapper.application; includeInIndex = 0; path = CollectionDemo.app; sourceTree = BUILT_PRODUCTS_DIR; };
		20CCF7281A81CC3200139EB3 /* Info.plist */ = {isa = PBXFileReference; lastKnownFileType = text.plist.xml; path = Info.plist; sourceTree = "<group>"; };
		20CCF7291A81CC3200139EB3 /* main.m */ = {isa = PBXFileReference; lastKnownFileType = sourcecode.c.objc; path = main.m; sourceTree = "<group>"; };
		20CCF72B1A81CC3200139EB3 /* AppDelegate.h */ = {isa = PBXFileReference; lastKnownFileType = sourcecode.c.h; path = AppDelegate.h; sourceTree = "<group>"; };
		20CCF72C1A81CC3200139EB3 /* AppDelegate.m */ = {isa = PBXFileReference; lastKnownFileType = sourcecode.c.objc; path = AppDelegate.m; sourceTree = "<group>"; };
		20CCF72E1A81CC3200139EB3 /* ViewController.h */ = {isa = PBXFileReference; lastKnownFileType = sourcecode.c.h; path = ViewController.h; sourceTree = "<group>"; };
		20CCF72F1A81CC3200139EB3 /* ViewController.m */ = {isa = PBXFileReference; lastKnownFileType = sourcecode.c.objc; path = ViewController.m; sourceTree = "<group>"; };
		20CCF7321A81CC3200139EB3 /* Base */ = {isa = PBXFileReference; lastKnownFileType = file.storyboard; name = Base; path = Base.lproj/Main.storyboard; sourceTree = "<group>"; };
		20CCF7341A81CC3200139EB3 /* Images.xcassets */ = {isa = PBXFileReference; lastKnownFileType = folder.assetcatalog; path = Images.xcassets; sourceTree = "<group>"; };
		20CCF7371A81CC3200139EB3 /* Base */ = {isa = PBXFileReference; lastKnownFileType = file.xib; name = Base; path = Base.lproj/LaunchScreen.xib; sourceTree = "<group>"; };
		20CCF73D1A81CC3200139EB3 /* CollectionDemoTests.xctest */ = {isa = PBXFileReference; explicitFileType = wrapper.cfbundle; includeInIndex = 0; path = CollectionDemoTests.xctest; sourceTree = BUILT_PRODUCTS_DIR; };
		20CCF7421A81CC3200139EB3 /* Info.plist */ = {isa = PBXFileReference; lastKnownFileType = text.plist.xml; path = Info.plist; sourceTree = "<group>"; };
		20CCF7431A81CC3200139EB3 /* CollectionDemoTests.m */ = {isa = PBXFileReference; lastKnownFileType = sourcecode.c.objc; path = CollectionDemoTests.m; sourceTree = "<group>"; };
		20CCF77D1A81D5A500139EB3 /* CollectionCell.h */ = {isa = PBXFileReference; fileEncoding = 4; lastKnownFileType = sourcecode.c.h; path = CollectionCell.h; sourceTree = "<group>"; };
		20CCF77E1A81D5A500139EB3 /* CollectionCell.m */ = {isa = PBXFileReference; fileEncoding = 4; lastKnownFileType = sourcecode.c.objc; path = CollectionCell.m; sourceTree = "<group>"; };
		20CCF77F1A81D5A500139EB3 /* CollectionCell.xib */ = {isa = PBXFileReference; fileEncoding = 4; lastKnownFileType = file.xib; path = CollectionCell.xib; sourceTree = "<group>"; };
		20DB099D1A83A68900A7999C /* QHRegisterViewController.h */ = {isa = PBXFileReference; fileEncoding = 4; lastKnownFileType = sourcecode.c.h; path = QHRegisterViewController.h; sourceTree = "<group>"; };
		20DB099E1A83A68900A7999C /* QHRegisterViewController.m */ = {isa = PBXFileReference; fileEncoding = 4; lastKnownFileType = sourcecode.c.objc; path = QHRegisterViewController.m; sourceTree = "<group>"; };
		20DB099F1A83A68900A7999C /* QHRegisterViewController.xib */ = {isa = PBXFileReference; fileEncoding = 4; lastKnownFileType = file.xib; path = QHRegisterViewController.xib; sourceTree = "<group>"; };
		20DB09A21A83B63700A7999C /* SimCardInsertViewController.h */ = {isa = PBXFileReference; fileEncoding = 4; lastKnownFileType = sourcecode.c.h; path = SimCardInsertViewController.h; sourceTree = "<group>"; };
		20DB09A31A83B63700A7999C /* SimCardInsertViewController.m */ = {isa = PBXFileReference; fileEncoding = 4; lastKnownFileType = sourcecode.c.objc; path = SimCardInsertViewController.m; sourceTree = "<group>"; };
		20DB09A41A83B63700A7999C /* SimCardInsertViewController.xib */ = {isa = PBXFileReference; fileEncoding = 4; lastKnownFileType = file.xib; path = SimCardInsertViewController.xib; sourceTree = "<group>"; };
		20E95D5F1A825F530048CBDC /* AccountViewController.h */ = {isa = PBXFileReference; fileEncoding = 4; lastKnownFileType = sourcecode.c.h; path = AccountViewController.h; sourceTree = "<group>"; };
		20E95D601A825F530048CBDC /* AccountViewController.m */ = {isa = PBXFileReference; fileEncoding = 4; lastKnownFileType = sourcecode.c.objc; path = AccountViewController.m; sourceTree = "<group>"; };
		20E95D611A825F530048CBDC /* AccountViewController.xib */ = {isa = PBXFileReference; fileEncoding = 4; lastKnownFileType = file.xib; path = AccountViewController.xib; sourceTree = "<group>"; };
		20E95D651A825F650048CBDC /* PersonalViewController.h */ = {isa = PBXFileReference; fileEncoding = 4; lastKnownFileType = sourcecode.c.h; path = PersonalViewController.h; sourceTree = "<group>"; };
		20E95D661A825F650048CBDC /* PersonalViewController.m */ = {isa = PBXFileReference; fileEncoding = 4; lastKnownFileType = sourcecode.c.objc; path = PersonalViewController.m; sourceTree = "<group>"; };
		20E95D671A825F650048CBDC /* PersonalViewController.xib */ = {isa = PBXFileReference; fileEncoding = 4; lastKnownFileType = file.xib; path = PersonalViewController.xib; sourceTree = "<group>"; };
		20E95D6A1A826B900048CBDC /* PersonDetailViewController.h */ = {isa = PBXFileReference; fileEncoding = 4; lastKnownFileType = sourcecode.c.h; path = PersonDetailViewController.h; sourceTree = "<group>"; };
		20E95D6B1A826B900048CBDC /* PersonDetailViewController.m */ = {isa = PBXFileReference; fileEncoding = 4; lastKnownFileType = sourcecode.c.objc; path = PersonDetailViewController.m; sourceTree = "<group>"; };
		20E95D6C1A826B900048CBDC /* PersonDetailViewController.xib */ = {isa = PBXFileReference; fileEncoding = 4; lastKnownFileType = file.xib; path = PersonDetailViewController.xib; sourceTree = "<group>"; };
		20E95D6F1A826E3A0048CBDC /* MoreViewController.h */ = {isa = PBXFileReference; fileEncoding = 4; lastKnownFileType = sourcecode.c.h; path = MoreViewController.h; sourceTree = "<group>"; };
		20E95D701A826E3A0048CBDC /* MoreViewController.m */ = {isa = PBXFileReference; fileEncoding = 4; lastKnownFileType = sourcecode.c.objc; path = MoreViewController.m; sourceTree = "<group>"; };
		20E95D711A826E3A0048CBDC /* MoreViewController.xib */ = {isa = PBXFileReference; fileEncoding = 4; lastKnownFileType = file.xib; path = MoreViewController.xib; sourceTree = "<group>"; };
		20E95D741A8272D50048CBDC /* RestRecordViewController.h */ = {isa = PBXFileReference; fileEncoding = 4; lastKnownFileType = sourcecode.c.h; path = RestRecordViewController.h; sourceTree = "<group>"; };
		20E95D751A8272D50048CBDC /* RestRecordViewController.m */ = {isa = PBXFileReference; fileEncoding = 4; lastKnownFileType = sourcecode.c.objc; path = RestRecordViewController.m; sourceTree = "<group>"; };
		20E95D761A8272D50048CBDC /* RestRecordViewController.xib */ = {isa = PBXFileReference; fileEncoding = 4; lastKnownFileType = file.xib; path = RestRecordViewController.xib; sourceTree = "<group>"; };
		20E95D7A1A8273160048CBDC /* RestRecordViewCell.h */ = {isa = PBXFileReference; fileEncoding = 4; lastKnownFileType = sourcecode.c.h; path = RestRecordViewCell.h; sourceTree = "<group>"; };
		20E95D7B1A8273160048CBDC /* RestRecordViewCell.m */ = {isa = PBXFileReference; fileEncoding = 4; lastKnownFileType = sourcecode.c.objc; path = RestRecordViewCell.m; sourceTree = "<group>"; };
		20E95D7C1A8273160048CBDC /* RestRecordViewCell.xib */ = {isa = PBXFileReference; fileEncoding = 4; lastKnownFileType = file.xib; path = RestRecordViewCell.xib; sourceTree = "<group>"; };
		20EC14081A810E8300E17D57 /* UIColor+Addition.h */ = {isa = PBXFileReference; fileEncoding = 4; lastKnownFileType = sourcecode.c.h; path = "UIColor+Addition.h"; sourceTree = "<group>"; };
		20EC14091A810E8300E17D57 /* UIColor+Addition.m */ = {isa = PBXFileReference; fileEncoding = 4; lastKnownFileType = sourcecode.c.objc; path = "UIColor+Addition.m"; sourceTree = "<group>"; };
		20EC14101A810FD700E17D57 /* QHMLoginViewController.h */ = {isa = PBXFileReference; fileEncoding = 4; lastKnownFileType = sourcecode.c.h; path = QHMLoginViewController.h; sourceTree = "<group>"; };
		20EC14111A810FD700E17D57 /* QHMLoginViewController.m */ = {isa = PBXFileReference; fileEncoding = 4; lastKnownFileType = sourcecode.c.objc; path = QHMLoginViewController.m; sourceTree = "<group>"; };
		20EC14121A810FD700E17D57 /* QHMLoginViewController.xib */ = {isa = PBXFileReference; fileEncoding = 4; lastKnownFileType = file.xib; path = QHMLoginViewController.xib; sourceTree = "<group>"; };
		20EC14221A812E6900E17D57 /* CheckWorkAttention.h */ = {isa = PBXFileReference; fileEncoding = 4; lastKnownFileType = sourcecode.c.h; path = CheckWorkAttention.h; sourceTree = "<group>"; };
		20EC14231A812E6900E17D57 /* CheckWorkAttention.m */ = {isa = PBXFileReference; fileEncoding = 4; lastKnownFileType = sourcecode.c.objc; path = CheckWorkAttention.m; sourceTree = "<group>"; };
		20EC14241A812E6900E17D57 /* CheckWorkAttention.xib */ = {isa = PBXFileReference; fileEncoding = 4; lastKnownFileType = file.xib; path = CheckWorkAttention.xib; sourceTree = "<group>"; };
		20EC14281A812FF800E17D57 /* FirstPageViewController.h */ = {isa = PBXFileReference; fileEncoding = 4; lastKnownFileType = sourcecode.c.h; path = FirstPageViewController.h; sourceTree = "<group>"; };
		20EC14291A812FF800E17D57 /* FirstPageViewController.m */ = {isa = PBXFileReference; fileEncoding = 4; lastKnownFileType = sourcecode.c.objc; path = FirstPageViewController.m; sourceTree = "<group>"; };
		20EC142A1A812FF800E17D57 /* FirstPageViewController.xib */ = {isa = PBXFileReference; fileEncoding = 4; lastKnownFileType = file.xib; path = FirstPageViewController.xib; sourceTree = "<group>"; };
		514AB85FDB177AEDFF8EF3D3 /* Pods.debug.xcconfig */ = {isa = PBXFileReference; includeInIndex = 1; lastKnownFileType = text.xcconfig; name = Pods.debug.xcconfig; path = "Pods/Target Support Files/Pods/Pods.debug.xcconfig"; sourceTree = "<group>"; };
		A86D8820876460CC9C5A0838 /* Pods.release.xcconfig */ = {isa = PBXFileReference; includeInIndex = 1; lastKnownFileType = text.xcconfig; name = Pods.release.xcconfig; path = "Pods/Target Support Files/Pods/Pods.release.xcconfig"; sourceTree = "<group>"; };
/* End PBXFileReference section */

/* Begin PBXFrameworksBuildPhase section */
		20B0D7D01A7F4A3F00462D6F /* Frameworks */ = {
			isa = PBXFrameworksBuildPhase;
			buildActionMask = 2147483647;
			files = (
				20B0D7D91A7F4A3F00462D6F /* CoreGraphics.framework in Frameworks */,
				20B0D7DB1A7F4A3F00462D6F /* UIKit.framework in Frameworks */,
				20B0D7D71A7F4A3F00462D6F /* Foundation.framework in Frameworks */,
				432A62480640B930D85E97FF /* libPods.a in Frameworks */,
			);
			runOnlyForDeploymentPostprocessing = 0;
		};
		20B0D7EB1A7F4A3F00462D6F /* Frameworks */ = {
			isa = PBXFrameworksBuildPhase;
			buildActionMask = 2147483647;
			files = (
				20B0D7F01A7F4A3F00462D6F /* XCTest.framework in Frameworks */,
				20B0D7F21A7F4A3F00462D6F /* UIKit.framework in Frameworks */,
				20B0D7F11A7F4A3F00462D6F /* Foundation.framework in Frameworks */,
			);
			runOnlyForDeploymentPostprocessing = 0;
		};
		20CCF7221A81CC3200139EB3 /* Frameworks */ = {
			isa = PBXFrameworksBuildPhase;
			buildActionMask = 2147483647;
			files = (
			);
			runOnlyForDeploymentPostprocessing = 0;
		};
		20CCF73A1A81CC3200139EB3 /* Frameworks */ = {
			isa = PBXFrameworksBuildPhase;
			buildActionMask = 2147483647;
			files = (
			);
			runOnlyForDeploymentPostprocessing = 0;
		};
/* End PBXFrameworksBuildPhase section */

/* Begin PBXGroup section */
		200732EA1A83109700E9D0C0 /* Cell */ = {
			isa = PBXGroup;
			children = (
				200732F01A83111900E9D0C0 /* AccountCollectionViewCell.h */,
				200732F11A83111900E9D0C0 /* AccountCollectionViewCell.m */,
				200732F21A83111900E9D0C0 /* AccountCollectionViewCell.xib */,
			);
			name = Cell;
			sourceTree = "<group>";
		};
		206FDCDA1A7F519E00D09416 /* Thrid */ = {
			isa = PBXGroup;
			children = (
				206FDCDB1A7F519E00D09416 /* PullRefresh */,
			);
			path = Thrid;
			sourceTree = "<group>";
		};
		206FDCDB1A7F519E00D09416 /* PullRefresh */ = {
			isa = PBXGroup;
			children = (
				206FDCDC1A7F519E00D09416 /* MJRefresh.bundle */,
				206FDCDD1A7F519E00D09416 /* MJRefresh.h */,
				206FDCDE1A7F519E00D09416 /* MJRefreshBaseView.h */,
				206FDCDF1A7F519E00D09416 /* MJRefreshBaseView.m */,
				206FDCE01A7F519E00D09416 /* MJRefreshConst.h */,
				206FDCE11A7F519E00D09416 /* MJRefreshConst.m */,
				206FDCE21A7F519E00D09416 /* MJRefreshFooterView.h */,
				206FDCE31A7F519E00D09416 /* MJRefreshFooterView.m */,
				206FDCE41A7F519E00D09416 /* MJRefreshHeaderView.h */,
				206FDCE51A7F519E00D09416 /* MJRefreshHeaderView.m */,
				206FDCE61A7F519E00D09416 /* UIScrollView+Extension.h */,
				206FDCE71A7F519E00D09416 /* UIScrollView+Extension.m */,
				206FDCE81A7F519E00D09416 /* UIScrollView+MJRefresh.h */,
				206FDCE91A7F519E00D09416 /* UIScrollView+MJRefresh.m */,
				206FDCEA1A7F519E00D09416 /* UIView+Extension.h */,
				206FDCEB1A7F519E00D09416 /* UIView+Extension.m */,
			);
			path = PullRefresh;
			sourceTree = "<group>";
		};
		20B0D7CA1A7F4A3F00462D6F = {
			isa = PBXGroup;
			children = (
				20B0D7DC1A7F4A3F00462D6F /* QHMobile */,
				20B0D7F51A7F4A3F00462D6F /* QHMobileTests */,
				20CCF7261A81CC3200139EB3 /* CollectionDemo */,
				20CCF7401A81CC3200139EB3 /* CollectionDemoTests */,
				20B0D7D51A7F4A3F00462D6F /* Frameworks */,
				20B0D7D41A7F4A3F00462D6F /* Products */,
				46A0A4F4928297D398390E31 /* Pods */,
			);
			sourceTree = "<group>";
		};
		20B0D7D41A7F4A3F00462D6F /* Products */ = {
			isa = PBXGroup;
			children = (
				20B0D7D31A7F4A3F00462D6F /* QHMobile.app */,
				20B0D7EE1A7F4A3F00462D6F /* QHMobileTests.xctest */,
				20CCF7251A81CC3200139EB3 /* CollectionDemo.app */,
				20CCF73D1A81CC3200139EB3 /* CollectionDemoTests.xctest */,
			);
			name = Products;
			sourceTree = "<group>";
		};
		20B0D7D51A7F4A3F00462D6F /* Frameworks */ = {
			isa = PBXGroup;
			children = (
				20B0D7D61A7F4A3F00462D6F /* Foundation.framework */,
				20B0D7D81A7F4A3F00462D6F /* CoreGraphics.framework */,
				20B0D7DA1A7F4A3F00462D6F /* UIKit.framework */,
				20B0D7EF1A7F4A3F00462D6F /* XCTest.framework */,
				0C36577A092436D1BD5F6EC2 /* libPods.a */,
			);
			name = Frameworks;
			sourceTree = "<group>";
		};
		20B0D7DC1A7F4A3F00462D6F /* QHMobile */ = {
			isa = PBXGroup;
			children = (
				20B0D8051A7F4A6A00462D6F /* CommonUI */,
				20B0D80C1A7F4A6A00462D6F /* Lib */,
				20B0D8221A7F4A6A00462D6F /* ManagerLayer */,
				20B0D8341A7F4A6A00462D6F /* Model */,
				20B0D8391A7F4A6A00462D6F /* NetLayer */,
				20B0D83E1A7F4A6A00462D6F /* ViewController */,
				20B0D7E51A7F4A3F00462D6F /* AppDelegate.h */,
				20B0D7E61A7F4A3F00462D6F /* AppDelegate.m */,
				20B0D7E81A7F4A3F00462D6F /* Images.xcassets */,
				20B0D7DD1A7F4A3F00462D6F /* Supporting Files */,
				206FDCF81A7F547A00D09416 /* Launch Screen.xib */,
			);
			path = QHMobile;
			sourceTree = "<group>";
		};
		20B0D7DD1A7F4A3F00462D6F /* Supporting Files */ = {
			isa = PBXGroup;
			children = (
				20B0D7DE1A7F4A3F00462D6F /* QHMobile-Info.plist */,
				20B0D7DF1A7F4A3F00462D6F /* InfoPlist.strings */,
				20B0D7E21A7F4A3F00462D6F /* main.m */,
				20B0D7E41A7F4A3F00462D6F /* QHMobile-Prefix.pch */,
			);
			name = "Supporting Files";
			sourceTree = "<group>";
		};
		20B0D7F51A7F4A3F00462D6F /* QHMobileTests */ = {
			isa = PBXGroup;
			children = (
				20B0D7FB1A7F4A3F00462D6F /* QHMobileTests.m */,
				20B0D7F61A7F4A3F00462D6F /* Supporting Files */,
			);
			path = QHMobileTests;
			sourceTree = "<group>";
		};
		20B0D7F61A7F4A3F00462D6F /* Supporting Files */ = {
			isa = PBXGroup;
			children = (
				20B0D7F71A7F4A3F00462D6F /* QHMobileTests-Info.plist */,
				20B0D7F81A7F4A3F00462D6F /* InfoPlist.strings */,
			);
			name = "Supporting Files";
			sourceTree = "<group>";
		};
		20B0D8051A7F4A6A00462D6F /* CommonUI */ = {
			isa = PBXGroup;
			children = (
				20B0D8061A7F4A6A00462D6F /* AdImageView.h */,
				20B0D8071A7F4A6A00462D6F /* AdImageView.m */,
				20B0D8081A7F4A6A00462D6F /* CommonUI.h */,
				20B0D8091A7F4A6A00462D6F /* CommonUI.m */,
				20B0D80A1A7F4A6A00462D6F /* NoNetView.h */,
				20B0D80B1A7F4A6A00462D6F /* NoNetView.m */,
			);
			path = CommonUI;
			sourceTree = "<group>";
		};
		20B0D80C1A7F4A6A00462D6F /* Lib */ = {
			isa = PBXGroup;
			children = (
				206FDCDA1A7F519E00D09416 /* Thrid */,
				20B0D80D1A7F4A6A00462D6F /* Category */,
				20B0D81F1A7F4A6A00462D6F /* Tool */,
			);
			path = Lib;
			sourceTree = "<group>";
		};
		20B0D80D1A7F4A6A00462D6F /* Category */ = {
			isa = PBXGroup;
			children = (
				20B0D80E1A7F4A6A00462D6F /* NSError+ErrorState.h */,
				20B0D80F1A7F4A6A00462D6F /* NSError+ErrorState.m */,
				20B0D8101A7F4A6A00462D6F /* NSObject+ClassName.h */,
				20B0D8111A7F4A6A00462D6F /* NSObject+ClassName.m */,
				20B0D8121A7F4A6A00462D6F /* QHMGlobal.h */,
				20B0D8131A7F4A6A00462D6F /* UIImage+Additions.h */,
				20B0D8141A7F4A6A00462D6F /* UIImage+Additions.m */,
				20B0D8151A7F4A6A00462D6F /* UITabBarController+HideTabBar.h */,
				20B0D8161A7F4A6A00462D6F /* UITabBarController+HideTabBar.m */,
				20B0D8171A7F4A6A00462D6F /* UIView+Autolayout.h */,
				20B0D8181A7F4A6A00462D6F /* UIView+Autolayout.m */,
				20B0D8191A7F4A6A00462D6F /* UIView+Helpers.h */,
				20B0D81A1A7F4A6A00462D6F /* UIView+Helpers.m */,
				20B0D81B1A7F4A6A00462D6F /* UIViewAdditions.h */,
				20B0D81C1A7F4A6A00462D6F /* UIViewAdditions.m */,
				20EC14081A810E8300E17D57 /* UIColor+Addition.h */,
				20EC14091A810E8300E17D57 /* UIColor+Addition.m */,
			);
			path = Category;
			sourceTree = "<group>";
		};
		20B0D81F1A7F4A6A00462D6F /* Tool */ = {
			isa = PBXGroup;
			children = (
				20B0D8201A7F4A6A00462D6F /* UncaughtExceptionHandler.h */,
				20B0D8211A7F4A6A00462D6F /* UncaughtExceptionHandler.m */,
			);
			path = Tool;
			sourceTree = "<group>";
		};
		20B0D8221A7F4A6A00462D6F /* ManagerLayer */ = {
			isa = PBXGroup;
			children = (
				20B0D8231A7F4A6A00462D6F /* BaseCallBack */,
				20B0D8261A7F4A6A00462D6F /* BaseCore */,
				20B0D82A1A7F4A6A00462D6F /* cache */,
				20B0D82D1A7F4A6A00462D6F /* DataBaseManager */,
				20B0D8301A7F4A6A00462D6F /* TestManager.h */,
				20B0D8311A7F4A6A00462D6F /* TestManager.m */,
				20B0D8321A7F4A6A00462D6F /* UserManager.h */,
				20B0D8331A7F4A6A00462D6F /* UserManager.m */,
			);
			path = ManagerLayer;
			sourceTree = "<group>";
		};
		20B0D8231A7F4A6A00462D6F /* BaseCallBack */ = {
			isa = PBXGroup;
			children = (
				20B0D8241A7F4A6A00462D6F /* HttpCallBack.h */,
				20B0D8251A7F4A6A00462D6F /* HttpCallBack.m */,
			);
			path = BaseCallBack;
			sourceTree = "<group>";
		};
		20B0D8261A7F4A6A00462D6F /* BaseCore */ = {
			isa = PBXGroup;
			children = (
				20B0D8271A7F4A6A00462D6F /* BaseCore.h */,
				20B0D8281A7F4A6A00462D6F /* BaseCore.m */,
				20B0D8291A7F4A6A00462D6F /* CommonData.h */,
			);
			path = BaseCore;
			sourceTree = "<group>";
		};
		20B0D82A1A7F4A6A00462D6F /* cache */ = {
			isa = PBXGroup;
			children = (
				20B0D82B1A7F4A6A00462D6F /* InteralCache.h */,
				20B0D82C1A7F4A6A00462D6F /* InteralCache.m */,
			);
			path = cache;
			sourceTree = "<group>";
		};
		20B0D82D1A7F4A6A00462D6F /* DataBaseManager */ = {
			isa = PBXGroup;
			children = (
				20B0D82E1A7F4A6A00462D6F /* DataManager.h */,
				20B0D82F1A7F4A6A00462D6F /* DataManager.m */,
			);
			path = DataBaseManager;
			sourceTree = "<group>";
		};
		20B0D8341A7F4A6A00462D6F /* Model */ = {
			isa = PBXGroup;
			children = (
				20B0D8351A7F4A6A00462D6F /* BaseModel.h */,
				20B0D8361A7F4A6A00462D6F /* BaseModel.m */,
				20B0D8371A7F4A6A00462D6F /* BrandModel.h */,
				20B0D8381A7F4A6A00462D6F /* BrandModel.m */,
			);
			path = Model;
			sourceTree = "<group>";
		};
		20B0D8391A7F4A6A00462D6F /* NetLayer */ = {
			isa = PBXGroup;
			children = (
				20B0D83A1A7F4A6A00462D6F /* EasyAccessTokenRequest.h */,
				20B0D83B1A7F4A6A00462D6F /* EasyAccessTokenRequest.m */,
				20B0D83C1A7F4A6A00462D6F /* QHMBaseRequest.h */,
				20B0D83D1A7F4A6A00462D6F /* QHMBaseRequest.m */,
			);
			path = NetLayer;
			sourceTree = "<group>";
		};
		20B0D83E1A7F4A6A00462D6F /* ViewController */ = {
			isa = PBXGroup;
			children = (
				20B0D83F1A7F4A6A00462D6F /* BaseViewController */,
				20B0D84E1A7F4A6A00462D6F /* Main */,
				20EC140F1A810FAD00E17D57 /* Login */,
				20EC14271A812FF800E17D57 /* FirstPage */,
				20EC14211A812E6900E17D57 /* CheckWork */,
				20E95D5E1A825F530048CBDC /* Account */,
				20E95D641A825F650048CBDC /* Personal */,
				20B0D85F1A7F4A6A00462D6F /* UiView */,
			);
			path = ViewController;
			sourceTree = "<group>";
		};
		20B0D83F1A7F4A6A00462D6F /* BaseViewController */ = {
			isa = PBXGroup;
			children = (
				20B0D8401A7F4A6A00462D6F /* BaseViewController.h */,
				20B0D8411A7F4A6A00462D6F /* BaseViewController.m */,
				20B0D8421A7F4A6A00462D6F /* NavBaseViewController.h */,
				20B0D8431A7F4A6A00462D6F /* NavBaseViewController.m */,
				20B0D8441A7F4A6A00462D6F /* Test2ViewController.h */,
				20B0D8451A7F4A6A00462D6F /* Test2ViewController.m */,
				20B0D8461A7F4A6A00462D6F /* Test2ViewController.xib */,
				20B0D8471A7F4A6A00462D6F /* TestViewController.h */,
				20B0D8481A7F4A6A00462D6F /* TestViewController.m */,
				20B0D8491A7F4A6A00462D6F /* TestViewController.xib */,
			);
			path = BaseViewController;
			sourceTree = "<group>";
		};
		20B0D84E1A7F4A6A00462D6F /* Main */ = {
			isa = PBXGroup;
			children = (
				20B0D84F1A7F4A6A00462D6F /* QHMainViewController.h */,
				20B0D8501A7F4A6A00462D6F /* QHMainViewController.m */,
			);
			path = Main;
			sourceTree = "<group>";
		};
		20B0D85F1A7F4A6A00462D6F /* UiView */ = {
			isa = PBXGroup;
			children = (
				20B0D8601A7F4A6A00462D6F /* BaseView.h */,
				20B0D8611A7F4A6A00462D6F /* BaseView.m */,
				20B0D8621A7F4A6A00462D6F /* TestTableViewCell.h */,
				20B0D8631A7F4A6A00462D6F /* TestTableViewCell.m */,
				20B0D8641A7F4A6A00462D6F /* TestTableViewCell.xib */,
				20B0D8651A7F4A6A00462D6F /* TestView2.h */,
				20B0D8661A7F4A6A00462D6F /* TestView2.m */,
			);
			path = UiView;
			sourceTree = "<group>";
		};
		20CCF7261A81CC3200139EB3 /* CollectionDemo */ = {
			isa = PBXGroup;
			children = (
				20CCF72B1A81CC3200139EB3 /* AppDelegate.h */,
				20CCF72C1A81CC3200139EB3 /* AppDelegate.m */,
				20CCF72E1A81CC3200139EB3 /* ViewController.h */,
				20CCF72F1A81CC3200139EB3 /* ViewController.m */,
				20CCF7311A81CC3200139EB3 /* Main.storyboard */,
				20CCF7341A81CC3200139EB3 /* Images.xcassets */,
				20CCF7361A81CC3200139EB3 /* LaunchScreen.xib */,
				20CCF7271A81CC3200139EB3 /* Supporting Files */,
			);
			path = CollectionDemo;
			sourceTree = "<group>";
		};
		20CCF7271A81CC3200139EB3 /* Supporting Files */ = {
			isa = PBXGroup;
			children = (
				20CCF7281A81CC3200139EB3 /* Info.plist */,
				20CCF7291A81CC3200139EB3 /* main.m */,
			);
			name = "Supporting Files";
			sourceTree = "<group>";
		};
		20CCF7401A81CC3200139EB3 /* CollectionDemoTests */ = {
			isa = PBXGroup;
			children = (
				20CCF7431A81CC3200139EB3 /* CollectionDemoTests.m */,
				20CCF7411A81CC3200139EB3 /* Supporting Files */,
			);
			path = CollectionDemoTests;
			sourceTree = "<group>";
		};
		20CCF7411A81CC3200139EB3 /* Supporting Files */ = {
			isa = PBXGroup;
			children = (
				20CCF7421A81CC3200139EB3 /* Info.plist */,
			);
			name = "Supporting Files";
			sourceTree = "<group>";
		};
		20E95D5E1A825F530048CBDC /* Account */ = {
			isa = PBXGroup;
			children = (
				200732EA1A83109700E9D0C0 /* Cell */,
				20E95D5F1A825F530048CBDC /* AccountViewController.h */,
				20E95D601A825F530048CBDC /* AccountViewController.m */,
				20E95D611A825F530048CBDC /* AccountViewController.xib */,
				20DB09A21A83B63700A7999C /* SimCardInsertViewController.h */,
				20DB09A31A83B63700A7999C /* SimCardInsertViewController.m */,
				20DB09A41A83B63700A7999C /* SimCardInsertViewController.xib */,
			);
			path = Account;
			sourceTree = "<group>";
		};
		20E95D641A825F650048CBDC /* Personal */ = {
			isa = PBXGroup;
			children = (
				20E95D651A825F650048CBDC /* PersonalViewController.h */,
				20E95D661A825F650048CBDC /* PersonalViewController.m */,
				20E95D671A825F650048CBDC /* PersonalViewController.xib */,
				20E95D6A1A826B900048CBDC /* PersonDetailViewController.h */,
				20E95D6B1A826B900048CBDC /* PersonDetailViewController.m */,
				20E95D6C1A826B900048CBDC /* PersonDetailViewController.xib */,
				20E95D6F1A826E3A0048CBDC /* MoreViewController.h */,
				20E95D701A826E3A0048CBDC /* MoreViewController.m */,
				20E95D711A826E3A0048CBDC /* MoreViewController.xib */,
			);
			path = Personal;
			sourceTree = "<group>";
		};
		20E95D791A8272DC0048CBDC /* Cell */ = {
			isa = PBXGroup;
			children = (
				20CCF77D1A81D5A500139EB3 /* CollectionCell.h */,
				20CCF77E1A81D5A500139EB3 /* CollectionCell.m */,
				20CCF77F1A81D5A500139EB3 /* CollectionCell.xib */,
				20E95D7A1A8273160048CBDC /* RestRecordViewCell.h */,
				20E95D7B1A8273160048CBDC /* RestRecordViewCell.m */,
				20E95D7C1A8273160048CBDC /* RestRecordViewCell.xib */,
			);
			name = Cell;
			sourceTree = "<group>";
		};
		20EC140F1A810FAD00E17D57 /* Login */ = {
			isa = PBXGroup;
			children = (
				20EC14101A810FD700E17D57 /* QHMLoginViewController.h */,
				20EC14111A810FD700E17D57 /* QHMLoginViewController.m */,
				20EC14121A810FD700E17D57 /* QHMLoginViewController.xib */,
				20DB099D1A83A68900A7999C /* QHRegisterViewController.h */,
				20DB099E1A83A68900A7999C /* QHRegisterViewController.m */,
				20DB099F1A83A68900A7999C /* QHRegisterViewController.xib */,
			);
			path = Login;
			sourceTree = "<group>";
		};
		20EC14211A812E6900E17D57 /* CheckWork */ = {
			isa = PBXGroup;
			children = (
				20E95D791A8272DC0048CBDC /* Cell */,
				20EC14221A812E6900E17D57 /* CheckWorkAttention.h */,
				20EC14231A812E6900E17D57 /* CheckWorkAttention.m */,
				20EC14241A812E6900E17D57 /* CheckWorkAttention.xib */,
				20E95D741A8272D50048CBDC /* RestRecordViewController.h */,
				20E95D751A8272D50048CBDC /* RestRecordViewController.m */,
				20E95D761A8272D50048CBDC /* RestRecordViewController.xib */,
			);
			path = CheckWork;
			sourceTree = "<group>";
		};
		20EC14271A812FF800E17D57 /* FirstPage */ = {
			isa = PBXGroup;
			children = (
				20EC14281A812FF800E17D57 /* FirstPageViewController.h */,
				20EC14291A812FF800E17D57 /* FirstPageViewController.m */,
				20EC142A1A812FF800E17D57 /* FirstPageViewController.xib */,
			);
			path = FirstPage;
			sourceTree = "<group>";
		};
		46A0A4F4928297D398390E31 /* Pods */ = {
			isa = PBXGroup;
			children = (
				514AB85FDB177AEDFF8EF3D3 /* Pods.debug.xcconfig */,
				A86D8820876460CC9C5A0838 /* Pods.release.xcconfig */,
			);
			name = Pods;
			sourceTree = "<group>";
		};
/* End PBXGroup section */

/* Begin PBXNativeTarget section */
		20B0D7D21A7F4A3F00462D6F /* QHMobile */ = {
			isa = PBXNativeTarget;
			buildConfigurationList = 20B0D7FF1A7F4A3F00462D6F /* Build configuration list for PBXNativeTarget "QHMobile" */;
			buildPhases = (
				EB56B1D05C10768FB5311ECD /* Check Pods Manifest.lock */,
				20B0D7CF1A7F4A3F00462D6F /* Sources */,
				20B0D7D01A7F4A3F00462D6F /* Frameworks */,
				20B0D7D11A7F4A3F00462D6F /* Resources */,
				02B295BDBBF87BDAA27DB799 /* Copy Pods Resources */,
			);
			buildRules = (
			);
			dependencies = (
			);
			name = QHMobile;
			productName = QHMobile;
			productReference = 20B0D7D31A7F4A3F00462D6F /* QHMobile.app */;
			productType = "com.apple.product-type.application";
		};
		20B0D7ED1A7F4A3F00462D6F /* QHMobileTests */ = {
			isa = PBXNativeTarget;
			buildConfigurationList = 20B0D8021A7F4A3F00462D6F /* Build configuration list for PBXNativeTarget "QHMobileTests" */;
			buildPhases = (
				20B0D7EA1A7F4A3F00462D6F /* Sources */,
				20B0D7EB1A7F4A3F00462D6F /* Frameworks */,
				20B0D7EC1A7F4A3F00462D6F /* Resources */,
			);
			buildRules = (
			);
			dependencies = (
				20B0D7F41A7F4A3F00462D6F /* PBXTargetDependency */,
			);
			name = QHMobileTests;
			productName = QHMobileTests;
			productReference = 20B0D7EE1A7F4A3F00462D6F /* QHMobileTests.xctest */;
			productType = "com.apple.product-type.bundle.unit-test";
		};
		20CCF7241A81CC3200139EB3 /* CollectionDemo */ = {
			isa = PBXNativeTarget;
			buildConfigurationList = 20CCF7491A81CC3200139EB3 /* Build configuration list for PBXNativeTarget "CollectionDemo" */;
			buildPhases = (
				20CCF7211A81CC3200139EB3 /* Sources */,
				20CCF7221A81CC3200139EB3 /* Frameworks */,
				20CCF7231A81CC3200139EB3 /* Resources */,
			);
			buildRules = (
			);
			dependencies = (
			);
			name = CollectionDemo;
			productName = CollectionDemo;
			productReference = 20CCF7251A81CC3200139EB3 /* CollectionDemo.app */;
			productType = "com.apple.product-type.application";
		};
		20CCF73C1A81CC3200139EB3 /* CollectionDemoTests */ = {
			isa = PBXNativeTarget;
			buildConfigurationList = 20CCF74A1A81CC3200139EB3 /* Build configuration list for PBXNativeTarget "CollectionDemoTests" */;
			buildPhases = (
				20CCF7391A81CC3200139EB3 /* Sources */,
				20CCF73A1A81CC3200139EB3 /* Frameworks */,
				20CCF73B1A81CC3200139EB3 /* Resources */,
			);
			buildRules = (
			);
			dependencies = (
				20CCF73F1A81CC3200139EB3 /* PBXTargetDependency */,
			);
			name = CollectionDemoTests;
			productName = CollectionDemoTests;
			productReference = 20CCF73D1A81CC3200139EB3 /* CollectionDemoTests.xctest */;
			productType = "com.apple.product-type.bundle.unit-test";
		};
/* End PBXNativeTarget section */

/* Begin PBXProject section */
		20B0D7CB1A7F4A3F00462D6F /* Project object */ = {
			isa = PBXProject;
			attributes = {
				LastUpgradeCheck = 0510;
				ORGANIZATIONNAME = yao;
				TargetAttributes = {
					20B0D7ED1A7F4A3F00462D6F = {
						TestTargetID = 20B0D7D21A7F4A3F00462D6F;
					};
					20CCF7241A81CC3200139EB3 = {
						CreatedOnToolsVersion = 6.1;
					};
					20CCF73C1A81CC3200139EB3 = {
						CreatedOnToolsVersion = 6.1;
						TestTargetID = 20CCF7241A81CC3200139EB3;
					};
				};
			};
			buildConfigurationList = 20B0D7CE1A7F4A3F00462D6F /* Build configuration list for PBXProject "QHMobile" */;
			compatibilityVersion = "Xcode 3.2";
			developmentRegion = English;
			hasScannedForEncodings = 0;
			knownRegions = (
				en,
				Base,
			);
			mainGroup = 20B0D7CA1A7F4A3F00462D6F;
			productRefGroup = 20B0D7D41A7F4A3F00462D6F /* Products */;
			projectDirPath = "";
			projectRoot = "";
			targets = (
				20B0D7D21A7F4A3F00462D6F /* QHMobile */,
				20B0D7ED1A7F4A3F00462D6F /* QHMobileTests */,
				20CCF7241A81CC3200139EB3 /* CollectionDemo */,
				20CCF73C1A81CC3200139EB3 /* CollectionDemoTests */,
			);
		};
/* End PBXProject section */

/* Begin PBXResourcesBuildPhase section */
		20B0D7D11A7F4A3F00462D6F /* Resources */ = {
			isa = PBXResourcesBuildPhase;
			buildActionMask = 2147483647;
			files = (
				20EC14141A810FD700E17D57 /* QHMLoginViewController.xib in Resources */,
				20DB09A11A83A68900A7999C /* QHRegisterViewController.xib in Resources */,
				20B0D7E11A7F4A3F00462D6F /* InfoPlist.strings in Resources */,
				20B0D88F1A7F4A6A00462D6F /* TestTableViewCell.xib in Resources */,
				20CCF7811A81D5A500139EB3 /* CollectionCell.xib in Resources */,
				20B0D87F1A7F4A6A00462D6F /* Test2ViewController.xib in Resources */,
				20EC14261A812E6900E17D57 /* CheckWorkAttention.xib in Resources */,
				20DB09A61A83B63700A7999C /* SimCardInsertViewController.xib in Resources */,
				206FDCEC1A7F519E00D09416 /* MJRefresh.bundle in Resources */,
				20B0D8811A7F4A6A00462D6F /* TestViewController.xib in Resources */,
				20B0D7E91A7F4A3F00462D6F /* Images.xcassets in Resources */,
				20E95D781A8272D50048CBDC /* RestRecordViewController.xib in Resources */,
				20EC142C1A812FF800E17D57 /* FirstPageViewController.xib in Resources */,
				20E95D7E1A8273160048CBDC /* RestRecordViewCell.xib in Resources */,
				200732F41A83111900E9D0C0 /* AccountCollectionViewCell.xib in Resources */,
				20E95D731A826E3A0048CBDC /* MoreViewController.xib in Resources */,
				20E95D6E1A826B900048CBDC /* PersonDetailViewController.xib in Resources */,
				20E95D691A825F650048CBDC /* PersonalViewController.xib in Resources */,
				20E95D631A825F530048CBDC /* AccountViewController.xib in Resources */,
				206FDCF91A7F547A00D09416 /* Launch Screen.xib in Resources */,
			);
			runOnlyForDeploymentPostprocessing = 0;
		};
		20B0D7EC1A7F4A3F00462D6F /* Resources */ = {
			isa = PBXResourcesBuildPhase;
			buildActionMask = 2147483647;
			files = (
				20B0D7FA1A7F4A3F00462D6F /* InfoPlist.strings in Resources */,
			);
			runOnlyForDeploymentPostprocessing = 0;
		};
		20CCF7231A81CC3200139EB3 /* Resources */ = {
			isa = PBXResourcesBuildPhase;
			buildActionMask = 2147483647;
			files = (
				20CCF7331A81CC3200139EB3 /* Main.storyboard in Resources */,
				20CCF7381A81CC3200139EB3 /* LaunchScreen.xib in Resources */,
				20CCF7351A81CC3200139EB3 /* Images.xcassets in Resources */,
			);
			runOnlyForDeploymentPostprocessing = 0;
		};
		20CCF73B1A81CC3200139EB3 /* Resources */ = {
			isa = PBXResourcesBuildPhase;
			buildActionMask = 2147483647;
			files = (
			);
			runOnlyForDeploymentPostprocessing = 0;
		};
/* End PBXResourcesBuildPhase section */

/* Begin PBXShellScriptBuildPhase section */
		02B295BDBBF87BDAA27DB799 /* Copy Pods Resources */ = {
			isa = PBXShellScriptBuildPhase;
			buildActionMask = 2147483647;
			files = (
			);
			inputPaths = (
			);
			name = "Copy Pods Resources";
			outputPaths = (
			);
			runOnlyForDeploymentPostprocessing = 0;
			shellPath = /bin/sh;
			shellScript = "\"${SRCROOT}/Pods/Target Support Files/Pods/Pods-resources.sh\"\n";
			showEnvVarsInLog = 0;
		};
		EB56B1D05C10768FB5311ECD /* Check Pods Manifest.lock */ = {
			isa = PBXShellScriptBuildPhase;
			buildActionMask = 2147483647;
			files = (
			);
			inputPaths = (
			);
			name = "Check Pods Manifest.lock";
			outputPaths = (
			);
			runOnlyForDeploymentPostprocessing = 0;
			shellPath = /bin/sh;
			shellScript = "diff \"${PODS_ROOT}/../Podfile.lock\" \"${PODS_ROOT}/Manifest.lock\" > /dev/null\nif [[ $? != 0 ]] ; then\n    cat << EOM\nerror: The sandbox is not in sync with the Podfile.lock. Run 'pod install' or update your CocoaPods installation.\nEOM\n    exit 1\nfi\n";
			showEnvVarsInLog = 0;
		};
/* End PBXShellScriptBuildPhase section */

/* Begin PBXSourcesBuildPhase section */
		20B0D7CF1A7F4A3F00462D6F /* Sources */ = {
			isa = PBXSourcesBuildPhase;
			buildActionMask = 2147483647;
			files = (
				20B0D86B1A7F4A6A00462D6F /* NSObject+ClassName.m in Sources */,
				20EC14251A812E6900E17D57 /* CheckWorkAttention.m in Sources */,
				20B0D87C1A7F4A6A00462D6F /* BaseViewController.m in Sources */,
				206FDCEF1A7F519E00D09416 /* MJRefreshFooterView.m in Sources */,
				200732F31A83111900E9D0C0 /* AccountCollectionViewCell.m in Sources */,
				20B0D86F1A7F4A6A00462D6F /* UIView+Helpers.m in Sources */,
				20B0D87D1A7F4A6A00462D6F /* NavBaseViewController.m in Sources */,
				20DB09A01A83A68900A7999C /* QHRegisterViewController.m in Sources */,
				20CCF7801A81D5A500139EB3 /* CollectionCell.m in Sources */,
				20B0D8731A7F4A6A00462D6F /* BaseCore.m in Sources */,
				20B0D87E1A7F4A6A00462D6F /* Test2ViewController.m in Sources */,
				20B0D8761A7F4A6A00462D6F /* TestManager.m in Sources */,
				20B0D8721A7F4A6A00462D6F /* HttpCallBack.m in Sources */,
				20B0D8751A7F4A6A00462D6F /* DataManager.m in Sources */,
				20E95D721A826E3A0048CBDC /* MoreViewController.m in Sources */,
				20B0D86C1A7F4A6A00462D6F /* UIImage+Additions.m in Sources */,
				20B0D87A1A7F4A6A00462D6F /* EasyAccessTokenRequest.m in Sources */,
				206FDCF11A7F519E00D09416 /* UIScrollView+Extension.m in Sources */,
				20B0D86A1A7F4A6A00462D6F /* NSError+ErrorState.m in Sources */,
				20E95D771A8272D50048CBDC /* RestRecordViewController.m in Sources */,
				20B0D8681A7F4A6A00462D6F /* CommonUI.m in Sources */,
				20B0D8841A7F4A6A00462D6F /* QHMainViewController.m in Sources */,
				20E95D681A825F650048CBDC /* PersonalViewController.m in Sources */,
				20B0D8711A7F4A6A00462D6F /* UncaughtExceptionHandler.m in Sources */,
				20B0D88D1A7F4A6A00462D6F /* BaseView.m in Sources */,
				20B0D7E71A7F4A3F00462D6F /* AppDelegate.m in Sources */,
				20B0D86D1A7F4A6A00462D6F /* UITabBarController+HideTabBar.m in Sources */,
				20B0D88E1A7F4A6A00462D6F /* TestTableViewCell.m in Sources */,
				206FDCEE1A7F519E00D09416 /* MJRefreshConst.m in Sources */,
				206FDCF31A7F519E00D09416 /* UIView+Extension.m in Sources */,
				20B0D8691A7F4A6A00462D6F /* NoNetView.m in Sources */,
				206FDCED1A7F519E00D09416 /* MJRefreshBaseView.m in Sources */,
				206FDCF01A7F519E00D09416 /* MJRefreshHeaderView.m in Sources */,
				20EC140A1A810E8300E17D57 /* UIColor+Addition.m in Sources */,
				20B0D8701A7F4A6A00462D6F /* UIViewAdditions.m in Sources */,
				20EC142B1A812FF800E17D57 /* FirstPageViewController.m in Sources */,
				20E95D7D1A8273160048CBDC /* RestRecordViewCell.m in Sources */,
				20B0D8741A7F4A6A00462D6F /* InteralCache.m in Sources */,
				20B0D86E1A7F4A6A00462D6F /* UIView+Autolayout.m in Sources */,
				20EC14131A810FD700E17D57 /* QHMLoginViewController.m in Sources */,
				206FDCF21A7F519E00D09416 /* UIScrollView+MJRefresh.m in Sources */,
				20B0D8771A7F4A6A00462D6F /* UserManager.m in Sources */,
				20B0D7E31A7F4A3F00462D6F /* main.m in Sources */,
				20E95D6D1A826B900048CBDC /* PersonDetailViewController.m in Sources */,
				20B0D8791A7F4A6A00462D6F /* BrandModel.m in Sources */,
				20E95D621A825F530048CBDC /* AccountViewController.m in Sources */,
				20B0D87B1A7F4A6A00462D6F /* QHMBaseRequest.m in Sources */,
				20B0D8801A7F4A6A00462D6F /* TestViewController.m in Sources */,
				20B0D8781A7F4A6A00462D6F /* BaseModel.m in Sources */,
				20B0D8671A7F4A6A00462D6F /* AdImageView.m in Sources */,
				20B0D8901A7F4A6A00462D6F /* TestView2.m in Sources */,
				20DB09A51A83B63700A7999C /* SimCardInsertViewController.m in Sources */,
			);
			runOnlyForDeploymentPostprocessing = 0;
		};
		20B0D7EA1A7F4A3F00462D6F /* Sources */ = {
			isa = PBXSourcesBuildPhase;
			buildActionMask = 2147483647;
			files = (
				20B0D7FC1A7F4A3F00462D6F /* QHMobileTests.m in Sources */,
			);
			runOnlyForDeploymentPostprocessing = 0;
		};
		20CCF7211A81CC3200139EB3 /* Sources */ = {
			isa = PBXSourcesBuildPhase;
			buildActionMask = 2147483647;
			files = (
				20CCF7301A81CC3200139EB3 /* ViewController.m in Sources */,
				20CCF72D1A81CC3200139EB3 /* AppDelegate.m in Sources */,
				20CCF72A1A81CC3200139EB3 /* main.m in Sources */,
			);
			runOnlyForDeploymentPostprocessing = 0;
		};
		20CCF7391A81CC3200139EB3 /* Sources */ = {
			isa = PBXSourcesBuildPhase;
			buildActionMask = 2147483647;
			files = (
				20CCF7441A81CC3200139EB3 /* CollectionDemoTests.m in Sources */,
			);
			runOnlyForDeploymentPostprocessing = 0;
		};
/* End PBXSourcesBuildPhase section */

/* Begin PBXTargetDependency section */
		20B0D7F41A7F4A3F00462D6F /* PBXTargetDependency */ = {
			isa = PBXTargetDependency;
			target = 20B0D7D21A7F4A3F00462D6F /* QHMobile */;
			targetProxy = 20B0D7F31A7F4A3F00462D6F /* PBXContainerItemProxy */;
		};
		20CCF73F1A81CC3200139EB3 /* PBXTargetDependency */ = {
			isa = PBXTargetDependency;
			target = 20CCF7241A81CC3200139EB3 /* CollectionDemo */;
			targetProxy = 20CCF73E1A81CC3200139EB3 /* PBXContainerItemProxy */;
		};
/* End PBXTargetDependency section */

/* Begin PBXVariantGroup section */
		20B0D7DF1A7F4A3F00462D6F /* InfoPlist.strings */ = {
			isa = PBXVariantGroup;
			children = (
				20B0D7E01A7F4A3F00462D6F /* en */,
			);
			name = InfoPlist.strings;
			sourceTree = "<group>";
		};
		20B0D7F81A7F4A3F00462D6F /* InfoPlist.strings */ = {
			isa = PBXVariantGroup;
			children = (
				20B0D7F91A7F4A3F00462D6F /* en */,
			);
			name = InfoPlist.strings;
			sourceTree = "<group>";
		};
		20CCF7311A81CC3200139EB3 /* Main.storyboard */ = {
			isa = PBXVariantGroup;
			children = (
				20CCF7321A81CC3200139EB3 /* Base */,
			);
			name = Main.storyboard;
			sourceTree = "<group>";
		};
		20CCF7361A81CC3200139EB3 /* LaunchScreen.xib */ = {
			isa = PBXVariantGroup;
			children = (
				20CCF7371A81CC3200139EB3 /* Base */,
			);
			name = LaunchScreen.xib;
			sourceTree = "<group>";
		};
/* End PBXVariantGroup section */

/* Begin XCBuildConfiguration section */
		20B0D7FD1A7F4A3F00462D6F /* Debug */ = {
			isa = XCBuildConfiguration;
			buildSettings = {
				ALWAYS_SEARCH_USER_PATHS = NO;
				CLANG_CXX_LANGUAGE_STANDARD = "gnu++0x";
				CLANG_CXX_LIBRARY = "libc++";
				CLANG_ENABLE_MODULES = YES;
				CLANG_ENABLE_OBJC_ARC = YES;
				CLANG_WARN_BOOL_CONVERSION = YES;
				CLANG_WARN_CONSTANT_CONVERSION = YES;
				CLANG_WARN_DIRECT_OBJC_ISA_USAGE = YES_ERROR;
				CLANG_WARN_EMPTY_BODY = YES;
				CLANG_WARN_ENUM_CONVERSION = YES;
				CLANG_WARN_INT_CONVERSION = YES;
				CLANG_WARN_OBJC_ROOT_CLASS = YES_ERROR;
				CLANG_WARN__DUPLICATE_METHOD_MATCH = YES;
				"CODE_SIGN_IDENTITY[sdk=iphoneos*]" = "iPhone Developer";
				COPY_PHASE_STRIP = NO;
				GCC_C_LANGUAGE_STANDARD = gnu99;
				GCC_DYNAMIC_NO_PIC = NO;
				GCC_OPTIMIZATION_LEVEL = 0;
				GCC_PREPROCESSOR_DEFINITIONS = (
					"DEBUG=1",
					"$(inherited)",
				);
				GCC_SYMBOLS_PRIVATE_EXTERN = NO;
				GCC_WARN_64_TO_32_BIT_CONVERSION = YES;
				GCC_WARN_ABOUT_RETURN_TYPE = YES_ERROR;
				GCC_WARN_UNDECLARED_SELECTOR = YES;
				GCC_WARN_UNINITIALIZED_AUTOS = YES_AGGRESSIVE;
				GCC_WARN_UNUSED_FUNCTION = YES;
				GCC_WARN_UNUSED_VARIABLE = YES;
				IPHONEOS_DEPLOYMENT_TARGET = 7.1;
				ONLY_ACTIVE_ARCH = YES;
				SDKROOT = iphoneos;
				TARGETED_DEVICE_FAMILY = "1,2";
			};
			name = Debug;
		};
		20B0D7FE1A7F4A3F00462D6F /* Release */ = {
			isa = XCBuildConfiguration;
			buildSettings = {
				ALWAYS_SEARCH_USER_PATHS = NO;
				CLANG_CXX_LANGUAGE_STANDARD = "gnu++0x";
				CLANG_CXX_LIBRARY = "libc++";
				CLANG_ENABLE_MODULES = YES;
				CLANG_ENABLE_OBJC_ARC = YES;
				CLANG_WARN_BOOL_CONVERSION = YES;
				CLANG_WARN_CONSTANT_CONVERSION = YES;
				CLANG_WARN_DIRECT_OBJC_ISA_USAGE = YES_ERROR;
				CLANG_WARN_EMPTY_BODY = YES;
				CLANG_WARN_ENUM_CONVERSION = YES;
				CLANG_WARN_INT_CONVERSION = YES;
				CLANG_WARN_OBJC_ROOT_CLASS = YES_ERROR;
				CLANG_WARN__DUPLICATE_METHOD_MATCH = YES;
				"CODE_SIGN_IDENTITY[sdk=iphoneos*]" = "iPhone Developer";
				COPY_PHASE_STRIP = YES;
				ENABLE_NS_ASSERTIONS = NO;
				GCC_C_LANGUAGE_STANDARD = gnu99;
				GCC_WARN_64_TO_32_BIT_CONVERSION = YES;
				GCC_WARN_ABOUT_RETURN_TYPE = YES_ERROR;
				GCC_WARN_UNDECLARED_SELECTOR = YES;
				GCC_WARN_UNINITIALIZED_AUTOS = YES_AGGRESSIVE;
				GCC_WARN_UNUSED_FUNCTION = YES;
				GCC_WARN_UNUSED_VARIABLE = YES;
				IPHONEOS_DEPLOYMENT_TARGET = 7.1;
				SDKROOT = iphoneos;
				TARGETED_DEVICE_FAMILY = "1,2";
				VALIDATE_PRODUCT = YES;
			};
			name = Release;
		};
		20B0D8001A7F4A3F00462D6F /* Debug */ = {
			isa = XCBuildConfiguration;
			baseConfigurationReference = 514AB85FDB177AEDFF8EF3D3 /* Pods.debug.xcconfig */;
			buildSettings = {
				ASSETCATALOG_COMPILER_APPICON_NAME = AppIcon;
				ASSETCATALOG_COMPILER_LAUNCHIMAGE_NAME = LaunchImage;
				GCC_PRECOMPILE_PREFIX_HEADER = YES;
				GCC_PREFIX_HEADER = "QHMobile/QHMobile-Prefix.pch";
				INFOPLIST_FILE = "QHMobile/QHMobile-Info.plist";
				IPHONEOS_DEPLOYMENT_TARGET = 6.0;
				PRODUCT_NAME = "$(TARGET_NAME)";
				WRAPPER_EXTENSION = app;
			};
			name = Debug;
		};
		20B0D8011A7F4A3F00462D6F /* Release */ = {
			isa = XCBuildConfiguration;
			baseConfigurationReference = A86D8820876460CC9C5A0838 /* Pods.release.xcconfig */;
			buildSettings = {
				ASSETCATALOG_COMPILER_APPICON_NAME = AppIcon;
				ASSETCATALOG_COMPILER_LAUNCHIMAGE_NAME = LaunchImage;
				GCC_PRECOMPILE_PREFIX_HEADER = YES;
				GCC_PREFIX_HEADER = "QHMobile/QHMobile-Prefix.pch";
				INFOPLIST_FILE = "QHMobile/QHMobile-Info.plist";
				IPHONEOS_DEPLOYMENT_TARGET = 6.0;
				PRODUCT_NAME = "$(TARGET_NAME)";
				WRAPPER_EXTENSION = app;
			};
			name = Release;
		};
		20B0D8031A7F4A3F00462D6F /* Debug */ = {
			isa = XCBuildConfiguration;
			buildSettings = {
				BUNDLE_LOADER = "$(BUILT_PRODUCTS_DIR)/QHMobile.app/QHMobile";
				FRAMEWORK_SEARCH_PATHS = (
					"$(SDKROOT)/Developer/Library/Frameworks",
					"$(inherited)",
					"$(DEVELOPER_FRAMEWORKS_DIR)",
				);
				GCC_PRECOMPILE_PREFIX_HEADER = YES;
				GCC_PREFIX_HEADER = "QHMobile/QHMobile-Prefix.pch";
				GCC_PREPROCESSOR_DEFINITIONS = (
					"DEBUG=1",
					"$(inherited)",
				);
				INFOPLIST_FILE = "QHMobileTests/QHMobileTests-Info.plist";
				PRODUCT_NAME = "$(TARGET_NAME)";
				TEST_HOST = "$(BUNDLE_LOADER)";
				WRAPPER_EXTENSION = xctest;
			};
			name = Debug;
		};
		20B0D8041A7F4A3F00462D6F /* Release */ = {
			isa = XCBuildConfiguration;
			buildSettings = {
				BUNDLE_LOADER = "$(BUILT_PRODUCTS_DIR)/QHMobile.app/QHMobile";
				FRAMEWORK_SEARCH_PATHS = (
					"$(SDKROOT)/Developer/Library/Frameworks",
					"$(inherited)",
					"$(DEVELOPER_FRAMEWORKS_DIR)",
				);
				GCC_PRECOMPILE_PREFIX_HEADER = YES;
				GCC_PREFIX_HEADER = "QHMobile/QHMobile-Prefix.pch";
				INFOPLIST_FILE = "QHMobileTests/QHMobileTests-Info.plist";
				PRODUCT_NAME = "$(TARGET_NAME)";
				TEST_HOST = "$(BUNDLE_LOADER)";
				WRAPPER_EXTENSION = xctest;
			};
			name = Release;
		};
		20CCF7451A81CC3200139EB3 /* Debug */ = {
			isa = XCBuildConfiguration;
			buildSettings = {
				ASSETCATALOG_COMPILER_APPICON_NAME = AppIcon;
				CLANG_WARN_UNREACHABLE_CODE = YES;
				ENABLE_STRICT_OBJC_MSGSEND = YES;
				GCC_PREPROCESSOR_DEFINITIONS = (
					"DEBUG=1",
					"$(inherited)",
				);
				INFOPLIST_FILE = CollectionDemo/Info.plist;
				IPHONEOS_DEPLOYMENT_TARGET = 8.1;
				LD_RUNPATH_SEARCH_PATHS = "$(inherited) @executable_path/Frameworks";
				MTL_ENABLE_DEBUG_INFO = YES;
				PRODUCT_NAME = "$(TARGET_NAME)";
			};
			name = Debug;
		};
		20CCF7461A81CC3200139EB3 /* Release */ = {
			isa = XCBuildConfiguration;
			buildSettings = {
				ASSETCATALOG_COMPILER_APPICON_NAME = AppIcon;
				CLANG_WARN_UNREACHABLE_CODE = YES;
				ENABLE_STRICT_OBJC_MSGSEND = YES;
				INFOPLIST_FILE = CollectionDemo/Info.plist;
				IPHONEOS_DEPLOYMENT_TARGET = 8.1;
				LD_RUNPATH_SEARCH_PATHS = "$(inherited) @executable_path/Frameworks";
				MTL_ENABLE_DEBUG_INFO = NO;
				PRODUCT_NAME = "$(TARGET_NAME)";
			};
			name = Release;
		};
		20CCF7471A81CC3200139EB3 /* Debug */ = {
			isa = XCBuildConfiguration;
			buildSettings = {
				BUNDLE_LOADER = "$(TEST_HOST)";
				CLANG_WARN_UNREACHABLE_CODE = YES;
				ENABLE_STRICT_OBJC_MSGSEND = YES;
				FRAMEWORK_SEARCH_PATHS = (
					"$(SDKROOT)/Developer/Library/Frameworks",
					"$(inherited)",
				);
				GCC_PREPROCESSOR_DEFINITIONS = (
					"DEBUG=1",
					"$(inherited)",
				);
				INFOPLIST_FILE = CollectionDemoTests/Info.plist;
				IPHONEOS_DEPLOYMENT_TARGET = 8.1;
				LD_RUNPATH_SEARCH_PATHS = "$(inherited) @executable_path/Frameworks @loader_path/Frameworks";
				MTL_ENABLE_DEBUG_INFO = YES;
				PRODUCT_NAME = "$(TARGET_NAME)";
				TEST_HOST = "$(BUILT_PRODUCTS_DIR)/CollectionDemo.app/CollectionDemo";
			};
			name = Debug;
		};
		20CCF7481A81CC3200139EB3 /* Release */ = {
			isa = XCBuildConfiguration;
			buildSettings = {
				BUNDLE_LOADER = "$(TEST_HOST)";
				CLANG_WARN_UNREACHABLE_CODE = YES;
				ENABLE_STRICT_OBJC_MSGSEND = YES;
				FRAMEWORK_SEARCH_PATHS = (
					"$(SDKROOT)/Developer/Library/Frameworks",
					"$(inherited)",
				);
				INFOPLIST_FILE = CollectionDemoTests/Info.plist;
				IPHONEOS_DEPLOYMENT_TARGET = 8.1;
				LD_RUNPATH_SEARCH_PATHS = "$(inherited) @executable_path/Frameworks @loader_path/Frameworks";
				MTL_ENABLE_DEBUG_INFO = NO;
				PRODUCT_NAME = "$(TARGET_NAME)";
				TEST_HOST = "$(BUILT_PRODUCTS_DIR)/CollectionDemo.app/CollectionDemo";
			};
			name = Release;
		};
/* End XCBuildConfiguration section */

/* Begin XCConfigurationList section */
		20B0D7CE1A7F4A3F00462D6F /* Build configuration list for PBXProject "QHMobile" */ = {
			isa = XCConfigurationList;
			buildConfigurations = (
				20B0D7FD1A7F4A3F00462D6F /* Debug */,
				20B0D7FE1A7F4A3F00462D6F /* Release */,
			);
			defaultConfigurationIsVisible = 0;
			defaultConfigurationName = Release;
		};
		20B0D7FF1A7F4A3F00462D6F /* Build configuration list for PBXNativeTarget "QHMobile" */ = {
			isa = XCConfigurationList;
			buildConfigurations = (
				20B0D8001A7F4A3F00462D6F /* Debug */,
				20B0D8011A7F4A3F00462D6F /* Release */,
			);
			defaultConfigurationIsVisible = 0;
			defaultConfigurationName = Release;
		};
		20B0D8021A7F4A3F00462D6F /* Build configuration list for PBXNativeTarget "QHMobileTests" */ = {
			isa = XCConfigurationList;
			buildConfigurations = (
				20B0D8031A7F4A3F00462D6F /* Debug */,
				20B0D8041A7F4A3F00462D6F /* Release */,
			);
			defaultConfigurationIsVisible = 0;
			defaultConfigurationName = Release;
		};
		20CCF7491A81CC3200139EB3 /* Build configuration list for PBXNativeTarget "CollectionDemo" */ = {
			isa = XCConfigurationList;
			buildConfigurations = (
				20CCF7451A81CC3200139EB3 /* Debug */,
				20CCF7461A81CC3200139EB3 /* Release */,
			);
			defaultConfigurationIsVisible = 0;
			defaultConfigurationName = Release;
		};
		20CCF74A1A81CC3200139EB3 /* Build configuration list for PBXNativeTarget "CollectionDemoTests" */ = {
			isa = XCConfigurationList;
			buildConfigurations = (
				20CCF7471A81CC3200139EB3 /* Debug */,
				20CCF7481A81CC3200139EB3 /* Release */,
			);
			defaultConfigurationIsVisible = 0;
			defaultConfigurationName = Release;
		};
/* End XCConfigurationList section */
	};
	rootObject = 20B0D7CB1A7F4A3F00462D6F /* Project object */;
}
